
Microsoft Visual Studio Solution File, Format Version 12.00
Project("{FAE04EC0-301F-11D3-BF4B-00C04F79EFBC}") = "BlockUnwantedMinutiae", "BlockUnwantedMinutiae.csproj", "{860EE2DD-4143-4C3E-A0FC-1BA0F9068F65}"
EndProject
Global
	GlobalSection(SolutionConfigurationPlatforms) = preSolution
		Debug|Any CPU = Debug|Any CPU
		Release|Any CPU = Release|Any CPU
	EndGlobalSection
	GlobalSection(ProjectConfigurationPlatforms) = postSolution
		{860EE2DD-4143-4C3E-A0FC-1BA0F9068F65}.Debug|Any CPU.ActiveCfg = Debug|Any CPU
		{860EE2DD-4143-4C3E-A0FC-1BA0F9068F65}.Debug|Any CPU.Build.0 = Debug|Any CPU
		{860EE2DD-4143-4C3E-A0FC-1BA0F9068F65}.Release|Any CPU.ActiveCfg = Release|Any CPU
		{860EE2DD-4143-4C3E-A0FC-1BA0F9068F65}.Release|Any CPU.Build.0 = Release|Any CPU
	EndGlobalSection
EndGlobal
