
Microsoft Visual Studio Solution File, Format Version 12.00
# Visual Studio Version 16
VisualStudioVersion = 16.0.30406.217
MinimumVisualStudioVersion = 10.0.40219.1
Project("{FAE04EC0-301F-11D3-BF4B-00C04F79EFBC}") = "MedievalLightingAndHeat", "MedievalLightingAndHeat\MedievalLightingAndHeat.csproj", "{BF93B989-A7A7-4D50-901E-8B480CFF09CC}"
EndProject
Global
	GlobalSection(SolutionConfigurationPlatforms) = preSolution
		Debug|Any CPU = Debug|Any CPU
		Release|Any CPU = Release|Any CPU
	EndGlobalSection
	GlobalSection(ProjectConfigurationPlatforms) = postSolution
		{BF93B989-A7A7-4D50-901E-8B480CFF09CC}.Debug|Any CPU.ActiveCfg = Debug|Any CPU
		{BF93B989-A7A7-4D50-901E-8B480CFF09CC}.Debug|Any CPU.Build.0 = Debug|Any CPU
		{BF93B989-A7A7-4D50-901E-8B480CFF09CC}.Release|Any CPU.ActiveCfg = Release|Any CPU
		{BF93B989-A7A7-4D50-901E-8B480CFF09CC}.Release|Any CPU.Build.0 = Release|Any CPU
	EndGlobalSection
	GlobalSection(SolutionProperties) = preSolution
		HideSolutionNode = FALSE
	EndGlobalSection
	GlobalSection(ExtensibilityGlobals) = postSolution
		SolutionGuid = {9A8CFEF5-5B31-43E7-A256-1C8D3D68B229}
	EndGlobalSection
EndGlobal
