
Microsoft Visual Studio Solution File, Format Version 12.00
# Visual Studio Version 16
VisualStudioVersion = 16.0.31702.278
MinimumVisualStudioVersion = 10.0.40219.1
Project("{FAE04EC0-301F-11D3-BF4B-00C04F79EFBC}") = "YayosAmmunitionPatch_1_3", "1.3\YayosAmmunitionPatch_1_3.csproj", "{C31CDB18-3037-40B1-998E-48B872A1F2E0}"
EndProject
Project("{FAE04EC0-301F-11D3-BF4B-00C04F79EFBC}") = "YayosAmmunitionPatch_1_4", "1.4\YayosAmmunitionPatch_1_4.csproj", "{B95859C8-AA93-4C1A-8818-3F51E6257CC7}"
EndProject
Project("{FAE04EC0-301F-11D3-BF4B-00C04F79EFBC}") = "YayosAmmunitionPatch.TestApp", "Test\YayosAmmunitionPatch.TestApp.csproj", "{DE48FA42-FABD-4EC2-851C-D35B9283BE4A}"
EndProject
Global
	GlobalSection(SolutionConfigurationPlatforms) = preSolution
		Debug|Any CPU = Debug|Any CPU
		Release|Any CPU = Release|Any CPU
	EndGlobalSection
	GlobalSection(ProjectConfigurationPlatforms) = postSolution
		{C31CDB18-3037-40B1-998E-48B872A1F2E0}.Debug|Any CPU.ActiveCfg = Debug|Any CPU
		{C31CDB18-3037-40B1-998E-48B872A1F2E0}.Debug|Any CPU.Build.0 = Debug|Any CPU
		{C31CDB18-3037-40B1-998E-48B872A1F2E0}.Release|Any CPU.ActiveCfg = Release|Any CPU
		{C31CDB18-3037-40B1-998E-48B872A1F2E0}.Release|Any CPU.Build.0 = Release|Any CPU
		{B95859C8-AA93-4C1A-8818-3F51E6257CC7}.Debug|Any CPU.ActiveCfg = Debug|Any CPU
		{B95859C8-AA93-4C1A-8818-3F51E6257CC7}.Debug|Any CPU.Build.0 = Debug|Any CPU
		{B95859C8-AA93-4C1A-8818-3F51E6257CC7}.Release|Any CPU.ActiveCfg = Release|Any CPU
		{B95859C8-AA93-4C1A-8818-3F51E6257CC7}.Release|Any CPU.Build.0 = Release|Any CPU
		{DE48FA42-FABD-4EC2-851C-D35B9283BE4A}.Debug|Any CPU.ActiveCfg = Debug|Any CPU
		{DE48FA42-FABD-4EC2-851C-D35B9283BE4A}.Debug|Any CPU.Build.0 = Debug|Any CPU
		{DE48FA42-FABD-4EC2-851C-D35B9283BE4A}.Release|Any CPU.ActiveCfg = Release|Any CPU
		{DE48FA42-FABD-4EC2-851C-D35B9283BE4A}.Release|Any CPU.Build.0 = Release|Any CPU
	EndGlobalSection
	GlobalSection(SolutionProperties) = preSolution
		HideSolutionNode = FALSE
	EndGlobalSection
	GlobalSection(ExtensibilityGlobals) = postSolution
		SolutionGuid = {E74E39EE-33DB-47E2-8AEA-8A98C6112125}
	EndGlobalSection
EndGlobal
