
Microsoft Visual Studio Solution File, Format Version 12.00
# Visual Studio Version 16
VisualStudioVersion = 16.0.31410.357
MinimumVisualStudioVersion = 10.0.40219.1
Project("{FAE04EC0-301F-11D3-BF4B-00C04F79EFBC}") = "QualityBionics", "QualityBionics\QualityBionics.csproj", "{1C171700-CC98-4ABA-86AB-A4523064AAFF}"
EndProject
Global
	GlobalSection(SolutionConfigurationPlatforms) = preSolution
		Debug|Any CPU = Debug|Any CPU
		Release|Any CPU = Release|Any CPU
	EndGlobalSection
	GlobalSection(ProjectConfigurationPlatforms) = postSolution
		{1C171700-CC98-4ABA-86AB-A4523064AAFF}.Debug|Any CPU.ActiveCfg = Debug|Any CPU
		{1C171700-CC98-4ABA-86AB-A4523064AAFF}.Debug|Any CPU.Build.0 = Debug|Any CPU
		{1C171700-CC98-4ABA-86AB-A4523064AAFF}.Release|Any CPU.ActiveCfg = Release|Any CPU
		{1C171700-CC98-4ABA-86AB-A4523064AAFF}.Release|Any CPU.Build.0 = Release|Any CPU
	EndGlobalSection
	GlobalSection(SolutionProperties) = preSolution
		HideSolutionNode = FALSE
	EndGlobalSection
	GlobalSection(ExtensibilityGlobals) = postSolution
		SolutionGuid = {95443387-CCBA-45FC-BE27-A6C3285AF2DA}
	EndGlobalSection
EndGlobal
