
Microsoft Visual Studio Solution File, Format Version 12.00
# Visual Studio Version 17
VisualStudioVersion = 17.12.35514.174 d17.12
MinimumVisualStudioVersion = 10.0.40219.1
Project("{FAE04EC0-301F-11D3-BF4B-00C04F79EFBC}") = "FasterCaravanMod", "FasterCaravanMod.csproj", "{30E08F13-501A-4FFA-8FDB-988A4ACD0B8D}"
EndProject
Global
	GlobalSection(SolutionConfigurationPlatforms) = preSolution
		Debug|Any CPU = Debug|Any CPU
		Release|Any CPU = Release|Any CPU
	EndGlobalSection
	GlobalSection(ProjectConfigurationPlatforms) = postSolution
		{30E08F13-501A-4FFA-8FDB-988A4ACD0B8D}.Debug|Any CPU.ActiveCfg = Release|Any CPU
		{30E08F13-501A-4FFA-8FDB-988A4ACD0B8D}.Debug|Any CPU.Build.0 = Release|Any CPU
		{30E08F13-501A-4FFA-8FDB-988A4ACD0B8D}.Release|Any CPU.ActiveCfg = Release|Any CPU
		{30E08F13-501A-4FFA-8FDB-988A4ACD0B8D}.Release|Any CPU.Build.0 = Release|Any CPU
	EndGlobalSection
	GlobalSection(SolutionProperties) = preSolution
		HideSolutionNode = FALSE
	EndGlobalSection
EndGlobal
