
Microsoft Visual Studio Solution File, Format Version 12.00
# Visual Studio Version 16
VisualStudioVersion = 16.0.30320.27
MinimumVisualStudioVersion = 10.0.40219.1
Project("{FAE04EC0-301F-11D3-BF4B-00C04F79EFBC}") = "ImprovedNeurotrainers", "ImprovedNeurotrainers\ImprovedNeurotrainers.csproj", "{7B86C4C9-8007-41BB-8B41-2EC94712DAB4}"
EndProject
Global
	GlobalSection(SolutionConfigurationPlatforms) = preSolution
		Debug|Any CPU = Debug|Any CPU
		Release|Any CPU = Release|Any CPU
	EndGlobalSection
	GlobalSection(ProjectConfigurationPlatforms) = postSolution
		{7B86C4C9-8007-41BB-8B41-2EC94712DAB4}.Debug|Any CPU.ActiveCfg = Debug|Any CPU
		{7B86C4C9-8007-41BB-8B41-2EC94712DAB4}.Debug|Any CPU.Build.0 = Debug|Any CPU
		{7B86C4C9-8007-41BB-8B41-2EC94712DAB4}.Release|Any CPU.ActiveCfg = Release|Any CPU
		{7B86C4C9-8007-41BB-8B41-2EC94712DAB4}.Release|Any CPU.Build.0 = Release|Any CPU
	EndGlobalSection
	GlobalSection(SolutionProperties) = preSolution
		HideSolutionNode = FALSE
	EndGlobalSection
	GlobalSection(ExtensibilityGlobals) = postSolution
		SolutionGuid = {230836C3-4375-458A-933C-92BC9FE3050A}
	EndGlobalSection
EndGlobal
