
Microsoft Visual Studio Solution File, Format Version 12.00
# Visual Studio Version 16
VisualStudioVersion = 16.0.30413.136
MinimumVisualStudioVersion = 10.0.40219.1
Project("{FAE04EC0-301F-11D3-BF4B-00C04F79EFBC}") = "Gumball Machine", "Gumball Machine\Gumball Machine.csproj", "{8F36E371-7B77-4363-A16F-5234FA074DCA}"
EndProject
Global
	GlobalSection(SolutionConfigurationPlatforms) = preSolution
		Debug|Any CPU = Debug|Any CPU
		Release|Any CPU = Release|Any CPU
	EndGlobalSection
	GlobalSection(ProjectConfigurationPlatforms) = postSolution
		{8F36E371-7B77-4363-A16F-5234FA074DCA}.Debug|Any CPU.ActiveCfg = Debug|Any CPU
		{8F36E371-7B77-4363-A16F-5234FA074DCA}.Debug|Any CPU.Build.0 = Debug|Any CPU
		{8F36E371-7B77-4363-A16F-5234FA074DCA}.Release|Any CPU.ActiveCfg = Release|Any CPU
		{8F36E371-7B77-4363-A16F-5234FA074DCA}.Release|Any CPU.Build.0 = Release|Any CPU
	EndGlobalSection
	GlobalSection(SolutionProperties) = preSolution
		HideSolutionNode = FALSE
	EndGlobalSection
	GlobalSection(ExtensibilityGlobals) = postSolution
		SolutionGuid = {44E87394-3B66-4FE8-A47A-2570970A7F1D}
	EndGlobalSection
EndGlobal
