
Microsoft Visual Studio Solution File, Format Version 12.00
# Visual Studio Version 16
VisualStudioVersion = 16.0.31424.327
MinimumVisualStudioVersion = 10.0.40219.1
Project("{FAE04EC0-301F-11D3-BF4B-00C04F79EFBC}") = "NMLDT", "NMLDT\NMLDT.csproj", "{FF26103F-54FC-47CC-B533-11513DDD91E6}"
EndProject
Global
	GlobalSection(SolutionConfigurationPlatforms) = preSolution
		Debug|Any CPU = Debug|Any CPU
		Release|Any CPU = Release|Any CPU
	EndGlobalSection
	GlobalSection(ProjectConfigurationPlatforms) = postSolution
		{FF26103F-54FC-47CC-B533-11513DDD91E6}.Debug|Any CPU.ActiveCfg = Debug|Any CPU
		{FF26103F-54FC-47CC-B533-11513DDD91E6}.Debug|Any CPU.Build.0 = Debug|Any CPU
		{FF26103F-54FC-47CC-B533-11513DDD91E6}.Release|Any CPU.ActiveCfg = Release|Any CPU
		{FF26103F-54FC-47CC-B533-11513DDD91E6}.Release|Any CPU.Build.0 = Release|Any CPU
	EndGlobalSection
	GlobalSection(SolutionProperties) = preSolution
		HideSolutionNode = FALSE
	EndGlobalSection
	GlobalSection(ExtensibilityGlobals) = postSolution
		SolutionGuid = {F62D5947-2B2A-429D-BA50-55F045CF3774}
	EndGlobalSection
EndGlobal
