
Microsoft Visual Studio Solution File, Format Version 12.00
# Visual Studio Version 17
VisualStudioVersion = 17.2.32516.85
MinimumVisualStudioVersion = 10.0.40219.1
Project("{FAE04EC0-301F-11D3-BF4B-00C04F79EFBC}") = "ARoM_SpaceTimeMage", "ARoM_SpaceTimeMage.csproj", "{4D251C0B-29E4-4FE9-ABD0-7E1A065B1878}"
EndProject
Global
	GlobalSection(SolutionConfigurationPlatforms) = preSolution
		Debug|Any CPU = Debug|Any CPU
		Release|Any CPU = Release|Any CPU
	EndGlobalSection
	GlobalSection(ProjectConfigurationPlatforms) = postSolution
		{4D251C0B-29E4-4FE9-ABD0-7E1A065B1878}.Debug|Any CPU.ActiveCfg = Debug|Any CPU
		{4D251C0B-29E4-4FE9-ABD0-7E1A065B1878}.Debug|Any CPU.Build.0 = Debug|Any CPU
		{4D251C0B-29E4-4FE9-ABD0-7E1A065B1878}.Release|Any CPU.ActiveCfg = Release|Any CPU
		{4D251C0B-29E4-4FE9-ABD0-7E1A065B1878}.Release|Any CPU.Build.0 = Release|Any CPU
	EndGlobalSection
	GlobalSection(SolutionProperties) = preSolution
		HideSolutionNode = FALSE
	EndGlobalSection
	GlobalSection(ExtensibilityGlobals) = postSolution
		SolutionGuid = {33D1F44E-57E3-4CCB-8C6F-D104D5C87B73}
	EndGlobalSection
EndGlobal
