
Microsoft Visual Studio Solution File, Format Version 12.00
# Visual Studio Version 17
VisualStudioVersion = 17.4.33122.133
MinimumVisualStudioVersion = 10.0.40219.1
Project("{FAE04EC0-301F-11D3-BF4B-00C04F79EFBC}") = "VetFoodRestriction", "VetFoodRestriction.csproj", "{B93553BC-7637-40E1-93E0-F35182E5A370}"
EndProject
Global
	GlobalSection(SolutionConfigurationPlatforms) = preSolution
		Debug|Any CPU = Debug|Any CPU
		Release|Any CPU = Release|Any CPU
	EndGlobalSection
	GlobalSection(ProjectConfigurationPlatforms) = postSolution
		{B93553BC-7637-40E1-93E0-F35182E5A370}.Debug|Any CPU.ActiveCfg = Debug|Any CPU
		{B93553BC-7637-40E1-93E0-F35182E5A370}.Debug|Any CPU.Build.0 = Debug|Any CPU
		{B93553BC-7637-40E1-93E0-F35182E5A370}.Release|Any CPU.ActiveCfg = Release|Any CPU
		{B93553BC-7637-40E1-93E0-F35182E5A370}.Release|Any CPU.Build.0 = Release|Any CPU
	EndGlobalSection
	GlobalSection(SolutionProperties) = preSolution
		HideSolutionNode = FALSE
	EndGlobalSection
	GlobalSection(ExtensibilityGlobals) = postSolution
		SolutionGuid = {07789033-5EDF-4719-936A-D788C3687A0B}
	EndGlobalSection
EndGlobal
