
Microsoft Visual Studio Solution File, Format Version 12.00
# Visual Studio Version 16
VisualStudioVersion = 16.0.30804.86
MinimumVisualStudioVersion = 10.0.40219.1
Project("{FAE04EC0-301F-11D3-BF4B-00C04F79EFBC}") = "StunWeapons", "StunWeapons\StunWeapons.csproj", "{E7B66478-1821-4A6A-8C9D-672A8F86DF1A}"
EndProject
Global
	GlobalSection(SolutionConfigurationPlatforms) = preSolution
		Debug|Any CPU = Debug|Any CPU
		Release|Any CPU = Release|Any CPU
	EndGlobalSection
	GlobalSection(ProjectConfigurationPlatforms) = postSolution
		{E7B66478-1821-4A6A-8C9D-672A8F86DF1A}.Debug|Any CPU.ActiveCfg = Debug|Any CPU
		{E7B66478-1821-4A6A-8C9D-672A8F86DF1A}.Debug|Any CPU.Build.0 = Debug|Any CPU
		{E7B66478-1821-4A6A-8C9D-672A8F86DF1A}.Release|Any CPU.ActiveCfg = Release|Any CPU
		{E7B66478-1821-4A6A-8C9D-672A8F86DF1A}.Release|Any CPU.Build.0 = Release|Any CPU
	EndGlobalSection
	GlobalSection(SolutionProperties) = preSolution
		HideSolutionNode = FALSE
	EndGlobalSection
	GlobalSection(ExtensibilityGlobals) = postSolution
		SolutionGuid = {99014060-958A-4D32-95F5-3ABA4112C11B}
	EndGlobalSection
EndGlobal
