
Microsoft Visual Studio Solution File, Format Version 12.00
# Visual Studio Version 16
VisualStudioVersion = 16.0.31515.178
MinimumVisualStudioVersion = 10.0.40219.1
Project("{FAE04EC0-301F-11D3-BF4B-00C04F79EFBC}") = "NoDebris", "NoDebris.csproj", "{75950FB6-AF4E-4A55-A1FF-E3DA1D0D575D}"
EndProject
Global
	GlobalSection(SolutionConfigurationPlatforms) = preSolution
		Debug|Any CPU = Debug|Any CPU
		Release|Any CPU = Release|Any CPU
	EndGlobalSection
	GlobalSection(ProjectConfigurationPlatforms) = postSolution
		{75950FB6-AF4E-4A55-A1FF-E3DA1D0D575D}.Debug|Any CPU.ActiveCfg = Debug|Any CPU
		{75950FB6-AF4E-4A55-A1FF-E3DA1D0D575D}.Debug|Any CPU.Build.0 = Debug|Any CPU
		{75950FB6-AF4E-4A55-A1FF-E3DA1D0D575D}.Release|Any CPU.ActiveCfg = Release|Any CPU
		{75950FB6-AF4E-4A55-A1FF-E3DA1D0D575D}.Release|Any CPU.Build.0 = Release|Any CPU
	EndGlobalSection
	GlobalSection(SolutionProperties) = preSolution
		HideSolutionNode = FALSE
	EndGlobalSection
	GlobalSection(ExtensibilityGlobals) = postSolution
		SolutionGuid = {E22F5B93-4719-4E5E-89D4-A03185FAAA22}
	EndGlobalSection
EndGlobal
