
Microsoft Visual Studio Solution File, Format Version 12.00
# Visual Studio 15
VisualStudioVersion = 15.0.28307.902
MinimumVisualStudioVersion = 10.0.40219.1
Project("{FAE04EC0-301F-11D3-BF4B-00C04F79EFBC}") = "UseYourGun", "UseYourGun.csproj", "{DE9B7144-749E-4342-AC69-C516E15BBF6F}"
EndProject
Global
	GlobalSection(SolutionConfigurationPlatforms) = preSolution
		Debug|Any CPU = Debug|Any CPU
		Release|Any CPU = Release|Any CPU
	EndGlobalSection
	GlobalSection(ProjectConfigurationPlatforms) = postSolution
		{DE9B7144-749E-4342-AC69-C516E15BBF6F}.Debug|Any CPU.ActiveCfg = Debug|Any CPU
		{DE9B7144-749E-4342-AC69-C516E15BBF6F}.Debug|Any CPU.Build.0 = Debug|Any CPU
		{DE9B7144-749E-4342-AC69-C516E15BBF6F}.Release|Any CPU.ActiveCfg = Release|Any CPU
		{DE9B7144-749E-4342-AC69-C516E15BBF6F}.Release|Any CPU.Build.0 = Release|Any CPU
	EndGlobalSection
	GlobalSection(SolutionProperties) = preSolution
		HideSolutionNode = FALSE
	EndGlobalSection
	GlobalSection(ExtensibilityGlobals) = postSolution
		SolutionGuid = {1DC945A3-9C27-4642-9A3B-D282CE10ECCB}
	EndGlobalSection
EndGlobal
