
Microsoft Visual Studio Solution File, Format Version 12.00
# Visual Studio Version 16
VisualStudioVersion = 16.0.29806.167
MinimumVisualStudioVersion = 10.0.40219.1
Project("{FAE04EC0-301F-11D3-BF4B-00C04F79EFBC}") = "ProximityFuze", "ProximityFuze.csproj", "{5CC3CD52-710B-4C88-81CE-2E7579CE0F3A}"
EndProject
Global
	GlobalSection(SolutionConfigurationPlatforms) = preSolution
		Debug|Any CPU = Debug|Any CPU
		Release|Any CPU = Release|Any CPU
	EndGlobalSection
	GlobalSection(ProjectConfigurationPlatforms) = postSolution
		{5CC3CD52-710B-4C88-81CE-2E7579CE0F3A}.Debug|Any CPU.ActiveCfg = Debug|Any CPU
		{5CC3CD52-710B-4C88-81CE-2E7579CE0F3A}.Debug|Any CPU.Build.0 = Debug|Any CPU
		{5CC3CD52-710B-4C88-81CE-2E7579CE0F3A}.Release|Any CPU.ActiveCfg = Release|Any CPU
		{5CC3CD52-710B-4C88-81CE-2E7579CE0F3A}.Release|Any CPU.Build.0 = Release|Any CPU
	EndGlobalSection
	GlobalSection(SolutionProperties) = preSolution
		HideSolutionNode = FALSE
	EndGlobalSection
	GlobalSection(ExtensibilityGlobals) = postSolution
		SolutionGuid = {D935E194-83B3-4A12-96D2-742A9703BCD4}
	EndGlobalSection
EndGlobal
