
Microsoft Visual Studio Solution File, Format Version 12.00
# Visual Studio Version 17
VisualStudioVersion = 17.3.32929.385
MinimumVisualStudioVersion = 10.0.40219.1
Project("{FAE04EC0-301F-11D3-BF4B-00C04F79EFBC}") = "mechanoid", "mechanoid.csproj", "{33CE88A1-6E62-468B-AFF9-F56F454DADDA}"
EndProject
Global
	GlobalSection(SolutionConfigurationPlatforms) = preSolution
		Debug|Any CPU = Debug|Any CPU
		Release|Any CPU = Release|Any CPU
	EndGlobalSection
	GlobalSection(ProjectConfigurationPlatforms) = postSolution
		{33CE88A1-6E62-468B-AFF9-F56F454DADDA}.Debug|Any CPU.ActiveCfg = Debug|Any CPU
		{33CE88A1-6E62-468B-AFF9-F56F454DADDA}.Debug|Any CPU.Build.0 = Debug|Any CPU
		{33CE88A1-6E62-468B-AFF9-F56F454DADDA}.Release|Any CPU.ActiveCfg = Release|Any CPU
		{33CE88A1-6E62-468B-AFF9-F56F454DADDA}.Release|Any CPU.Build.0 = Release|Any CPU
	EndGlobalSection
	GlobalSection(SolutionProperties) = preSolution
		HideSolutionNode = FALSE
	EndGlobalSection
	GlobalSection(ExtensibilityGlobals) = postSolution
		SolutionGuid = {AA9E4B9E-D798-459C-B9E9-858DDCA2C4C7}
	EndGlobalSection
EndGlobal
