
Microsoft Visual Studio Solution File, Format Version 12.00
# Visual Studio Version 17
VisualStudioVersion = 17.3.32819.101
MinimumVisualStudioVersion = 10.0.40219.1
Project("{FAE04EC0-301F-11D3-BF4B-00C04F79EFBC}") = "BillDoorsFrameworkUtilities", "BillDoorsFramework\BillDoorsFrameworkUtilities.csproj", "{CBDB3D4C-1028-4050-8E7D-CEADE8EED77A}"
EndProject
Project("{FAE04EC0-301F-11D3-BF4B-00C04F79EFBC}") = "BillDoorsFrameworkCE", "BillDoorsFrameworkCE\BillDoorsFrameworkCE.csproj", "{089D7AA2-2DA5-47CF-8ED1-F464E950DB9A}"
EndProject
Project("{FAE04EC0-301F-11D3-BF4B-00C04F79EFBC}") = "BillDoorsFrameworkVanilla", "BillDoorsFrameworkVanilla\BillDoorsFrameworkVanilla.csproj", "{8E3614C8-2545-4175-9C1C-F55DF20DBC5C}"
EndProject
Project("{FAE04EC0-301F-11D3-BF4B-00C04F79EFBC}") = "BillDoorsLootsAndShelves", "BillDoorsLootsAndShelves\BillDoorsLootsAndShelves.csproj", "{232AFDBE-AEAC-4E8F-9D0C-3634A3198428}"
EndProject
Project("{FAE04EC0-301F-11D3-BF4B-00C04F79EFBC}") = "BillDoorsVehicleExt", "BDsVehicleExtended\BillDoorsVehicleExt.csproj", "{B92F3D02-5DFB-4517-ABB2-4EBB6A22F36D}"
EndProject
Project("{FAE04EC0-301F-11D3-BF4B-00C04F79EFBC}") = "BillDoorsUnifiedHaulJob", "BillDoorsUnifiedHaulJob\BillDoorsUnifiedHaulJob.csproj", "{662FE44A-877D-4329-8393-6C1E50AA801E}"
EndProject
Project("{FAE04EC0-301F-11D3-BF4B-00C04F79EFBC}") = "BillDoorsPredefinedCharacter", "BillDoorsPredefinedCharacter\BillDoorsPredefinedCharacter.csproj", "{778792FF-469C-4AA2-B3CC-F120A1C63436}"
EndProject
Global
	GlobalSection(SolutionConfigurationPlatforms) = preSolution
		Debug|Any CPU = Debug|Any CPU
		Release|Any CPU = Release|Any CPU
	EndGlobalSection
	GlobalSection(ProjectConfigurationPlatforms) = postSolution
		{CBDB3D4C-1028-4050-8E7D-CEADE8EED77A}.Debug|Any CPU.ActiveCfg = Release|Any CPU
		{CBDB3D4C-1028-4050-8E7D-CEADE8EED77A}.Debug|Any CPU.Build.0 = Release|Any CPU
		{CBDB3D4C-1028-4050-8E7D-CEADE8EED77A}.Release|Any CPU.ActiveCfg = Release|Any CPU
		{CBDB3D4C-1028-4050-8E7D-CEADE8EED77A}.Release|Any CPU.Build.0 = Release|Any CPU
		{089D7AA2-2DA5-47CF-8ED1-F464E950DB9A}.Debug|Any CPU.ActiveCfg = Release|Any CPU
		{089D7AA2-2DA5-47CF-8ED1-F464E950DB9A}.Debug|Any CPU.Build.0 = Release|Any CPU
		{089D7AA2-2DA5-47CF-8ED1-F464E950DB9A}.Release|Any CPU.ActiveCfg = Release|Any CPU
		{089D7AA2-2DA5-47CF-8ED1-F464E950DB9A}.Release|Any CPU.Build.0 = Release|Any CPU
		{8E3614C8-2545-4175-9C1C-F55DF20DBC5C}.Debug|Any CPU.ActiveCfg = Release|Any CPU
		{8E3614C8-2545-4175-9C1C-F55DF20DBC5C}.Debug|Any CPU.Build.0 = Release|Any CPU
		{8E3614C8-2545-4175-9C1C-F55DF20DBC5C}.Release|Any CPU.ActiveCfg = Release|Any CPU
		{8E3614C8-2545-4175-9C1C-F55DF20DBC5C}.Release|Any CPU.Build.0 = Release|Any CPU
		{232AFDBE-AEAC-4E8F-9D0C-3634A3198428}.Debug|Any CPU.ActiveCfg = Debug|Any CPU
		{232AFDBE-AEAC-4E8F-9D0C-3634A3198428}.Debug|Any CPU.Build.0 = Debug|Any CPU
		{232AFDBE-AEAC-4E8F-9D0C-3634A3198428}.Release|Any CPU.ActiveCfg = Release|Any CPU
		{232AFDBE-AEAC-4E8F-9D0C-3634A3198428}.Release|Any CPU.Build.0 = Release|Any CPU
		{B92F3D02-5DFB-4517-ABB2-4EBB6A22F36D}.Debug|Any CPU.ActiveCfg = Debug|Any CPU
		{B92F3D02-5DFB-4517-ABB2-4EBB6A22F36D}.Debug|Any CPU.Build.0 = Debug|Any CPU
		{B92F3D02-5DFB-4517-ABB2-4EBB6A22F36D}.Release|Any CPU.ActiveCfg = Release|Any CPU
		{B92F3D02-5DFB-4517-ABB2-4EBB6A22F36D}.Release|Any CPU.Build.0 = Release|Any CPU
		{662FE44A-877D-4329-8393-6C1E50AA801E}.Debug|Any CPU.ActiveCfg = Debug|Any CPU
		{662FE44A-877D-4329-8393-6C1E50AA801E}.Debug|Any CPU.Build.0 = Debug|Any CPU
		{662FE44A-877D-4329-8393-6C1E50AA801E}.Release|Any CPU.ActiveCfg = Release|Any CPU
		{662FE44A-877D-4329-8393-6C1E50AA801E}.Release|Any CPU.Build.0 = Release|Any CPU
		{778792FF-469C-4AA2-B3CC-F120A1C63436}.Debug|Any CPU.ActiveCfg = Debug|Any CPU
		{778792FF-469C-4AA2-B3CC-F120A1C63436}.Debug|Any CPU.Build.0 = Debug|Any CPU
		{778792FF-469C-4AA2-B3CC-F120A1C63436}.Release|Any CPU.ActiveCfg = Release|Any CPU
		{778792FF-469C-4AA2-B3CC-F120A1C63436}.Release|Any CPU.Build.0 = Release|Any CPU
	EndGlobalSection
	GlobalSection(SolutionProperties) = preSolution
		HideSolutionNode = FALSE
	EndGlobalSection
	GlobalSection(ExtensibilityGlobals) = postSolution
		SolutionGuid = {CD5CE62C-7689-4160-88EE-473E84AC1B6E}
	EndGlobalSection
EndGlobal
