
Microsoft Visual Studio Solution File, Format Version 12.00
# Visual Studio Version 16
VisualStudioVersion = 16.0.30114.105
MinimumVisualStudioVersion = 10.0.40219.1
Project("{FAE04EC0-301F-11D3-BF4B-00C04F79EFBC}") = "RimTrust.Core", "RimTrust.Core\RimTrust.Core.csproj", "{7097B762-3262-4997-852A-27A05C4634B3}"
EndProject
Project("{FAE04EC0-301F-11D3-BF4B-00C04F79EFBC}") = "RimTrust.Trade", "RimTrust.Trade\RimTrust.Trade.csproj", "{47346C7E-BF6D-4745-9768-702F118D5F44}"
EndProject
Global
	GlobalSection(SolutionConfigurationPlatforms) = preSolution
		Debug|Any CPU = Debug|Any CPU
		Release|Any CPU = Release|Any CPU
	EndGlobalSection
	GlobalSection(ProjectConfigurationPlatforms) = postSolution
		{7097B762-3262-4997-852A-27A05C4634B3}.Debug|Any CPU.ActiveCfg = Debug|Any CPU
		{7097B762-3262-4997-852A-27A05C4634B3}.Debug|Any CPU.Build.0 = Debug|Any CPU
		{7097B762-3262-4997-852A-27A05C4634B3}.Release|Any CPU.ActiveCfg = Release|Any CPU
		{7097B762-3262-4997-852A-27A05C4634B3}.Release|Any CPU.Build.0 = Release|Any CPU
		{47346C7E-BF6D-4745-9768-702F118D5F44}.Debug|Any CPU.ActiveCfg = Debug|Any CPU
		{47346C7E-BF6D-4745-9768-702F118D5F44}.Debug|Any CPU.Build.0 = Debug|Any CPU
		{47346C7E-BF6D-4745-9768-702F118D5F44}.Release|Any CPU.ActiveCfg = Release|Any CPU
		{47346C7E-BF6D-4745-9768-702F118D5F44}.Release|Any CPU.Build.0 = Release|Any CPU
	EndGlobalSection
	GlobalSection(SolutionProperties) = preSolution
		HideSolutionNode = FALSE
	EndGlobalSection
	GlobalSection(ExtensibilityGlobals) = postSolution
		SolutionGuid = {7EF7E158-A77F-4219-AA2F-E076AE177592}
	EndGlobalSection
EndGlobal
