Microsoft Visual Studio Solution File, Format Version 12.00
# Visual Studio Version 16
VisualStudioVersion = 16.0.29709.97
MinimumVisualStudioVersion = 10.0.40219.1
Project("{FAE04EC0-301F-11D3-BF4B-00C04F79EFBC}") = "GoAwaySmallWire", "GoAwaySmallWire.csproj", "{888362A4-9C11-4086-9733-6E3DE48C72EE}"
EndProject
Global
	GlobalSection(SolutionConfigurationPlatforms) = preSolution
		Debug|Any CPU = Debug|Any CPU
		Release|Any CPU = Release|Any CPU
	EndGlobalSection
	GlobalSection(ProjectConfigurationPlatforms) = postSolution
		{888362A4-9C11-4086-9733-6E3DE48C72EE}.Debug|Any CPU.ActiveCfg = Debug|Any CPU
		{888362A4-9C11-4086-9733-6E3DE48C72EE}.Debug|Any CPU.Build.0 = Debug|Any CPU
		{888362A4-9C11-4086-9733-6E3DE48C72EE}.Release|Any CPU.ActiveCfg = Release|Any CPU
		{888362A4-9C11-4086-9733-6E3DE48C72EE}.Release|Any CPU.Build.0 = Release|Any CPU
	EndGlobalSection
	GlobalSection(SolutionProperties) = preSolution
		HideSolutionNode = FALSE
	EndGlobalSection
	GlobalSection(ExtensibilityGlobals) = postSolution
		SolutionGuid = {A9AE1C3B-6D4F-4F28-8211-647A91699B1D}
	EndGlobalSection
EndGlobal
