
Microsoft Visual Studio Solution File, Format Version 12.00
# Visual Studio Version 17
VisualStudioVersion = 17.3.32929.385
MinimumVisualStudioVersion = 10.0.40219.1
Project("{9A19103F-16F7-4668-BE54-9A1E7A4F7556}") = "BMBIFVTE", "BMBIFVTE.csproj", "{65562D85-0B22-4B86-B248-3EA54BE562CE}"
EndProject
Global
	GlobalSection(SolutionConfigurationPlatforms) = preSolution
		Debug|Any CPU = Debug|Any CPU
		Release|Any CPU = Release|Any CPU
	EndGlobalSection
	GlobalSection(ProjectConfigurationPlatforms) = postSolution
		{65562D85-0B22-4B86-B248-3EA54BE562CE}.Debug|Any CPU.ActiveCfg = Release|Any CPU
		{65562D85-0B22-4B86-B248-3EA54BE562CE}.Debug|Any CPU.Build.0 = Release|Any CPU
		{65562D85-0B22-4B86-B248-3EA54BE562CE}.Release|Any CPU.ActiveCfg = Release|Any CPU
		{65562D85-0B22-4B86-B248-3EA54BE562CE}.Release|Any CPU.Build.0 = Release|Any CPU
	EndGlobalSection
	GlobalSection(SolutionProperties) = preSolution
		HideSolutionNode = FALSE
	EndGlobalSection
	GlobalSection(ExtensibilityGlobals) = postSolution
		SolutionGuid = {A9F2D35E-7177-4CB0-B568-CF4AD15A7FF2}
	EndGlobalSection
EndGlobal
