
Microsoft Visual Studio Solution File, Format Version 12.00
# Visual Studio Version 16
VisualStudioVersion = 16.0.30611.23
MinimumVisualStudioVersion = 10.0.40219.1
Project("{FAE04EC0-301F-11D3-BF4B-00C04F79EFBC}") = "ProxyHeat", "ProxyHeat.csproj", "{950ED78E-9A32-4B4D-A2A3-C6CFBC352576}"
EndProject
Global
	GlobalSection(SolutionConfigurationPlatforms) = preSolution
		Debug|Any CPU = Debug|Any CPU
		Release|Any CPU = Release|Any CPU
	EndGlobalSection
	GlobalSection(ProjectConfigurationPlatforms) = postSolution
		{950ED78E-9A32-4B4D-A2A3-C6CFBC352576}.Debug|Any CPU.ActiveCfg = Debug|Any CPU
		{950ED78E-9A32-4B4D-A2A3-C6CFBC352576}.Debug|Any CPU.Build.0 = Debug|Any CPU
		{950ED78E-9A32-4B4D-A2A3-C6CFBC352576}.Release|Any CPU.ActiveCfg = Release|Any CPU
		{950ED78E-9A32-4B4D-A2A3-C6CFBC352576}.Release|Any CPU.Build.0 = Release|Any CPU
	EndGlobalSection
	GlobalSection(SolutionProperties) = preSolution
		HideSolutionNode = FALSE
	EndGlobalSection
	GlobalSection(ExtensibilityGlobals) = postSolution
		SolutionGuid = {AD4E1D70-C486-4306-8EA0-DA91966C7BC4}
	EndGlobalSection
EndGlobal
