
Microsoft Visual Studio Solution File, Format Version 12.00
# Visual Studio 15
VisualStudioVersion = 15.0.28307.1401
MinimumVisualStudioVersion = 10.0.40219.1
Project("{FAE04EC0-301F-11D3-BF4B-00C04F79EFBC}") = "HalfDragons", "HalfDragons.csproj", "{77F64C1C-A918-4272-997F-383B15A7D8FB}"
EndProject
Global
	GlobalSection(SolutionConfigurationPlatforms) = preSolution
		Debug|Any CPU = Debug|Any CPU
		Release|Any CPU = Release|Any CPU
	EndGlobalSection
	GlobalSection(ProjectConfigurationPlatforms) = postSolution
		{77F64C1C-A918-4272-997F-383B15A7D8FB}.Debug|Any CPU.ActiveCfg = Debug|Any CPU
		{77F64C1C-A918-4272-997F-383B15A7D8FB}.Debug|Any CPU.Build.0 = Debug|Any CPU
		{77F64C1C-A918-4272-997F-383B15A7D8FB}.Release|Any CPU.ActiveCfg = Release|Any CPU
		{77F64C1C-A918-4272-997F-383B15A7D8FB}.Release|Any CPU.Build.0 = Release|Any CPU
	EndGlobalSection
	GlobalSection(SolutionProperties) = preSolution
		HideSolutionNode = FALSE
	EndGlobalSection
	GlobalSection(ExtensibilityGlobals) = postSolution
		SolutionGuid = {50D40AF1-1F7A-4F48-A008-651DFB6CD330}
	EndGlobalSection
EndGlobal
