
Microsoft Visual Studio Solution File, Format Version 12.00
Project("{687FAC25-A459-4FA8-9F34-A5AF8CC82B9C}") = "CloseAll", "CloseAll.csproj", "{8AC72FC6-CE48-48B7-8BAB-C0017A517DDB}"
EndProject
Global
	GlobalSection(SolutionConfigurationPlatforms) = preSolution
		Debug|Any CPU = Debug|Any CPU
		Release|Any CPU = Release|Any CPU
	EndGlobalSection
	GlobalSection(ProjectConfigurationPlatforms) = postSolution
		{8AC72FC6-CE48-48B7-8BAB-C0017A517DDB}.Debug|Any CPU.ActiveCfg = Debug|Any CPU
		{8AC72FC6-CE48-48B7-8BAB-C0017A517DDB}.Debug|Any CPU.Build.0 = Debug|Any CPU
		{8AC72FC6-CE48-48B7-8BAB-C0017A517DDB}.Release|Any CPU.ActiveCfg = Release|Any CPU
		{8AC72FC6-CE48-48B7-8BAB-C0017A517DDB}.Release|Any CPU.Build.0 = Release|Any CPU
	EndGlobalSection
	GlobalSection(SolutionProperties) = preSolution
		HideSolutionNode = FALSE
	EndGlobalSection
	GlobalSection(ExtensibilityGlobals) = postSolution
		SolutionGuid = {C2B354D0-234D-4630-9360-EB98AA1829E7}
	EndGlobalSection
EndGlobal
