
Microsoft Visual Studio Solution File, Format Version 11.00
# Visual Studio 2010
# SharpDevelop 5.1
Project("{FAE04EC0-301F-11D3-BF4B-00C04F79EFBC}") = "Rainbeau's Editable Backstories", "Rainbeau's Editable Backstories.csproj", "{238EB748-314B-403E-B23F-E90061FFDAFA}"
EndProject
Global
	GlobalSection(SolutionConfigurationPlatforms) = preSolution
		Debug|Any CPU = Debug|Any CPU
		Release|Any CPU = Release|Any CPU
	EndGlobalSection
	GlobalSection(ProjectConfigurationPlatforms) = postSolution
		{238EB748-314B-403E-B23F-E90061FFDAFA}.Debug|Any CPU.ActiveCfg = Debug|Any CPU
		{238EB748-314B-403E-B23F-E90061FFDAFA}.Debug|Any CPU.Build.0 = Debug|Any CPU
		{238EB748-314B-403E-B23F-E90061FFDAFA}.Release|Any CPU.ActiveCfg = Release|Any CPU
		{238EB748-314B-403E-B23F-E90061FFDAFA}.Release|Any CPU.Build.0 = Release|Any CPU
	EndGlobalSection
EndGlobal
