
Microsoft Visual Studio Solution File, Format Version 12.00
# Visual Studio Version 16
VisualStudioVersion = 16.0.29709.97
MinimumVisualStudioVersion = 10.0.40219.1
Project("{FAE04EC0-301F-11D3-BF4B-00C04F79EFBC}") = "CeilingLights", "CeilingLights.csproj", "{0481A95B-319F-4E2F-A90D-0D94FA87815A}"
EndProject
Global
	GlobalSection(SolutionConfigurationPlatforms) = preSolution
		Debug|Any CPU = Debug|Any CPU
		Release|Any CPU = Release|Any CPU
	EndGlobalSection
	GlobalSection(ProjectConfigurationPlatforms) = postSolution
		{0481A95B-319F-4E2F-A90D-0D94FA87815A}.Debug|Any CPU.ActiveCfg = Debug|Any CPU
		{0481A95B-319F-4E2F-A90D-0D94FA87815A}.Debug|Any CPU.Build.0 = Debug|Any CPU
		{0481A95B-319F-4E2F-A90D-0D94FA87815A}.Release|Any CPU.ActiveCfg = Release|Any CPU
		{0481A95B-319F-4E2F-A90D-0D94FA87815A}.Release|Any CPU.Build.0 = Release|Any CPU
	EndGlobalSection
	GlobalSection(SolutionProperties) = preSolution
		HideSolutionNode = FALSE
	EndGlobalSection
	GlobalSection(ExtensibilityGlobals) = postSolution
		SolutionGuid = {3EE21FB1-36C5-485B-A785-E93E64E5C007}
	EndGlobalSection
EndGlobal
