
Microsoft Visual Studio Solution File, Format Version 12.00
# Visual Studio Version 16
VisualStudioVersion = 16.0.30503.244
MinimumVisualStudioVersion = 10.0.40219.1
Project("{FAE04EC0-301F-11D3-BF4B-00C04F79EFBC}") = "BorderlandsSettings", "BorderlandsSettings.csproj", "{3F0715DB-F1AB-4A92-AA5E-EA06AF22F1AD}"
EndProject
Global
	GlobalSection(SolutionConfigurationPlatforms) = preSolution
		Debug|Any CPU = Debug|Any CPU
		Release|Any CPU = Release|Any CPU
	EndGlobalSection
	GlobalSection(ProjectConfigurationPlatforms) = postSolution
		{3F0715DB-F1AB-4A92-AA5E-EA06AF22F1AD}.Debug|Any CPU.ActiveCfg = Debug|Any CPU
		{3F0715DB-F1AB-4A92-AA5E-EA06AF22F1AD}.Debug|Any CPU.Build.0 = Debug|Any CPU
		{3F0715DB-F1AB-4A92-AA5E-EA06AF22F1AD}.Release|Any CPU.ActiveCfg = Release|Any CPU
		{3F0715DB-F1AB-4A92-AA5E-EA06AF22F1AD}.Release|Any CPU.Build.0 = Release|Any CPU
	EndGlobalSection
	GlobalSection(SolutionProperties) = preSolution
		HideSolutionNode = FALSE
	EndGlobalSection
	GlobalSection(ExtensibilityGlobals) = postSolution
		SolutionGuid = {8F6A2E45-1F06-4B0A-B0C7-5AFB7CF168E4}
	EndGlobalSection
EndGlobal
