
Microsoft Visual Studio Solution File, Format Version 12.00
# Visual Studio Version 16
VisualStudioVersion = 16.0.30621.155
MinimumVisualStudioVersion = 10.0.40219.1
Project("{FAE04EC0-301F-11D3-BF4B-00C04F79EFBC}") = "Wall Dragger Overhaul", "Wall Dragger Overhaul.csproj", "{C470B35E-11C7-4CCF-BC75-A3F722A6AE1B}"
EndProject
Project("{911E67C6-3D85-4FCE-B560-20A9C3E3FF48}") = "RimWorldWin64", "..\..\..\RimWorldWin64.exe", "{699F8A0D-5E78-4CF6-B5E2-1A7380D8C9DF}"
	ProjectSection(DebuggerProjectSystem) = preProject
		PortSupplier = 00000000-0000-0000-0000-000000000000
		Executable = C:\Games\steamapps\common\RimWorld\RimWorldWin64.exe
		RemoteMachine = DESKTOP-8JNSP1F
		StartingDirectory = C:\Games\steamapps\common\RimWorld
		Environment = Default
		LaunchingEngine = 00000000-0000-0000-0000-000000000000
		UseLegacyDebugEngines = No
		LaunchSQLEngine = No
		AttachLaunchAction = No
		IORedirection = Auto
	EndProjectSection
EndProject
Global
	GlobalSection(SolutionConfigurationPlatforms) = preSolution
		Debug|Any CPU = Debug|Any CPU
		Debug|x64 = Debug|x64
		Release|Any CPU = Release|Any CPU
		Release|x64 = Release|x64
	EndGlobalSection
	GlobalSection(ProjectConfigurationPlatforms) = postSolution
		{C470B35E-11C7-4CCF-BC75-A3F722A6AE1B}.Debug|Any CPU.ActiveCfg = Debug|Any CPU
		{C470B35E-11C7-4CCF-BC75-A3F722A6AE1B}.Debug|Any CPU.Build.0 = Debug|Any CPU
		{C470B35E-11C7-4CCF-BC75-A3F722A6AE1B}.Debug|x64.ActiveCfg = Debug|Any CPU
		{C470B35E-11C7-4CCF-BC75-A3F722A6AE1B}.Debug|x64.Build.0 = Debug|Any CPU
		{C470B35E-11C7-4CCF-BC75-A3F722A6AE1B}.Release|Any CPU.ActiveCfg = Release|Any CPU
		{C470B35E-11C7-4CCF-BC75-A3F722A6AE1B}.Release|Any CPU.Build.0 = Release|Any CPU
		{C470B35E-11C7-4CCF-BC75-A3F722A6AE1B}.Release|x64.ActiveCfg = Release|Any CPU
		{C470B35E-11C7-4CCF-BC75-A3F722A6AE1B}.Release|x64.Build.0 = Release|Any CPU
		{699F8A0D-5E78-4CF6-B5E2-1A7380D8C9DF}.Debug|Any CPU.ActiveCfg = Release|x64
		{699F8A0D-5E78-4CF6-B5E2-1A7380D8C9DF}.Debug|x64.ActiveCfg = Release|x64
		{699F8A0D-5E78-4CF6-B5E2-1A7380D8C9DF}.Release|Any CPU.ActiveCfg = Release|x64
		{699F8A0D-5E78-4CF6-B5E2-1A7380D8C9DF}.Release|x64.ActiveCfg = Release|x64
	EndGlobalSection
	GlobalSection(SolutionProperties) = preSolution
		HideSolutionNode = FALSE
	EndGlobalSection
	GlobalSection(ExtensibilityGlobals) = postSolution
		SolutionGuid = {234D857B-BC51-437B-87FA-3FF5EAB63D00}
	EndGlobalSection
EndGlobal
