
Microsoft Visual Studio Solution File, Format Version 12.00
# Visual Studio Version 17
VisualStudioVersion = 17.3.32819.101
MinimumVisualStudioVersion = 10.0.40219.1
Project("{FAE04EC0-301F-11D3-BF4B-00C04F79EFBC}") = "BDsWeaponJamming", "BDsWeaponJamming\BDsWeaponJamming.csproj", "{EA33FF9B-44B1-4FC3-9672-BF745FF281A2}"
EndProject
Project("{FAE04EC0-301F-11D3-BF4B-00C04F79EFBC}") = "BDsWeaponJammingCE", "BDsWeaponJammingCE\BDsWeaponJammingCE.csproj", "{CBFE97AF-0FE3-4056-A740-EB2ECBCF9067}"
EndProject
Project("{FAE04EC0-301F-11D3-BF4B-00C04F79EFBC}") = "BDsWeaponJammingVanilla", "BDsWeaponJammingVanilla\BDsWeaponJammingVanilla.csproj", "{1369A2A2-5CDE-4CD1-B03C-68CDA3F57CE8}"
EndProject
Global
	GlobalSection(SolutionConfigurationPlatforms) = preSolution
		Debug|Any CPU = Debug|Any CPU
		Release|Any CPU = Release|Any CPU
	EndGlobalSection
	GlobalSection(ProjectConfigurationPlatforms) = postSolution
		{EA33FF9B-44B1-4FC3-9672-BF745FF281A2}.Debug|Any CPU.ActiveCfg = Debug|Any CPU
		{EA33FF9B-44B1-4FC3-9672-BF745FF281A2}.Debug|Any CPU.Build.0 = Debug|Any CPU
		{EA33FF9B-44B1-4FC3-9672-BF745FF281A2}.Release|Any CPU.ActiveCfg = Release|Any CPU
		{EA33FF9B-44B1-4FC3-9672-BF745FF281A2}.Release|Any CPU.Build.0 = Release|Any CPU
		{CBFE97AF-0FE3-4056-A740-EB2ECBCF9067}.Debug|Any CPU.ActiveCfg = Debug|Any CPU
		{CBFE97AF-0FE3-4056-A740-EB2ECBCF9067}.Debug|Any CPU.Build.0 = Debug|Any CPU
		{CBFE97AF-0FE3-4056-A740-EB2ECBCF9067}.Release|Any CPU.ActiveCfg = Release|Any CPU
		{CBFE97AF-0FE3-4056-A740-EB2ECBCF9067}.Release|Any CPU.Build.0 = Release|Any CPU
		{1369A2A2-5CDE-4CD1-B03C-68CDA3F57CE8}.Debug|Any CPU.ActiveCfg = Debug|Any CPU
		{1369A2A2-5CDE-4CD1-B03C-68CDA3F57CE8}.Debug|Any CPU.Build.0 = Debug|Any CPU
		{1369A2A2-5CDE-4CD1-B03C-68CDA3F57CE8}.Release|Any CPU.ActiveCfg = Release|Any CPU
		{1369A2A2-5CDE-4CD1-B03C-68CDA3F57CE8}.Release|Any CPU.Build.0 = Release|Any CPU
	EndGlobalSection
	GlobalSection(SolutionProperties) = preSolution
		HideSolutionNode = FALSE
	EndGlobalSection
	GlobalSection(ExtensibilityGlobals) = postSolution
		SolutionGuid = {465ECBF2-7B33-40EF-B9C6-8BF110B59986}
	EndGlobalSection
EndGlobal
