
Microsoft Visual Studio Solution File, Format Version 12.00
# Visual Studio Version 16
VisualStudioVersion = 16.0.29215.179
MinimumVisualStudioVersion = 10.0.40219.1
Project("{FAE04EC0-301F-11D3-BF4B-00C04F79EFBC}") = "CustomizedXenogerm", "CustomizedXenogerm\CustomizedXenogerm.csproj", "{F6F48072-E295-409C-9CDF-06E7F1590AD1}"
EndProject
Global
	GlobalSection(SolutionConfigurationPlatforms) = preSolution
		Debug|Any CPU = Debug|Any CPU
		Release|Any CPU = Release|Any CPU
	EndGlobalSection
	GlobalSection(ProjectConfigurationPlatforms) = postSolution
		{F6F48072-E295-409C-9CDF-06E7F1590AD1}.Debug|Any CPU.ActiveCfg = Debug|Any CPU
		{F6F48072-E295-409C-9CDF-06E7F1590AD1}.Debug|Any CPU.Build.0 = Debug|Any CPU
		{F6F48072-E295-409C-9CDF-06E7F1590AD1}.Release|Any CPU.ActiveCfg = Release|Any CPU
		{F6F48072-E295-409C-9CDF-06E7F1590AD1}.Release|Any CPU.Build.0 = Release|Any CPU
	EndGlobalSection
	GlobalSection(SolutionProperties) = preSolution
		HideSolutionNode = FALSE
	EndGlobalSection
	GlobalSection(ExtensibilityGlobals) = postSolution
		SolutionGuid = {20E4B27B-08F1-40A6-8E92-4830FD103011}
	EndGlobalSection
EndGlobal
