
Microsoft Visual Studio Solution File, Format Version 12.00
# Visual Studio Version 16
VisualStudioVersion = 16.0.29519.181
MinimumVisualStudioVersion = 10.0.40219.1
Project("{FAE04EC0-301F-11D3-BF4B-00C04F79EFBC}") = "RimWorldColumns", "RimWorldColumns\RimWorldColumns.csproj", "{A778ACEC-8F70-494A-A89E-AFFF7933454D}"
EndProject
Global
	GlobalSection(SolutionConfigurationPlatforms) = preSolution
		Debug|Any CPU = Debug|Any CPU
		Release|Any CPU = Release|Any CPU
	EndGlobalSection
	GlobalSection(ProjectConfigurationPlatforms) = postSolution
		{A778ACEC-8F70-494A-A89E-AFFF7933454D}.Debug|Any CPU.ActiveCfg = Debug|Any CPU
		{A778ACEC-8F70-494A-A89E-AFFF7933454D}.Debug|Any CPU.Build.0 = Debug|Any CPU
		{A778ACEC-8F70-494A-A89E-AFFF7933454D}.Release|Any CPU.ActiveCfg = Release|Any CPU
		{A778ACEC-8F70-494A-A89E-AFFF7933454D}.Release|Any CPU.Build.0 = Release|Any CPU
	EndGlobalSection
	GlobalSection(SolutionProperties) = preSolution
		HideSolutionNode = FALSE
	EndGlobalSection
	GlobalSection(ExtensibilityGlobals) = postSolution
		SolutionGuid = {CF784450-1327-4393-A6FB-0D239718E422}
	EndGlobalSection
EndGlobal
