
Microsoft Visual Studio Solution File, Format Version 12.00
# Visual Studio Version 17
VisualStudioVersion = 17.3.32811.315
MinimumVisualStudioVersion = 10.0.40219.1
Project("{FAE04EC0-301F-11D3-BF4B-00C04F79EFBC}") = "StuffableCore", "StuffableCore.csproj", "{654AF961-ADC0-43C4-936B-AFD7585942F8}"
EndProject
Project("{FAE04EC0-301F-11D3-BF4B-00C04F79EFBC}") = "VEFPirateAddOn", "..\VEFPirateAddOn\VEFPirateAddOn.csproj", "{5CC058F4-98A4-4959-BE73-10A53B784B36}"
EndProject
Global
	GlobalSection(SolutionConfigurationPlatforms) = preSolution
		Debug|Any CPU = Debug|Any CPU
		Release|Any CPU = Release|Any CPU
	EndGlobalSection
	GlobalSection(ProjectConfigurationPlatforms) = postSolution
		{654AF961-ADC0-43C4-936B-AFD7585942F8}.Debug|Any CPU.ActiveCfg = Debug|Any CPU
		{654AF961-ADC0-43C4-936B-AFD7585942F8}.Debug|Any CPU.Build.0 = Debug|Any CPU
		{654AF961-ADC0-43C4-936B-AFD7585942F8}.Release|Any CPU.ActiveCfg = Release|Any CPU
		{654AF961-ADC0-43C4-936B-AFD7585942F8}.Release|Any CPU.Build.0 = Release|Any CPU
		{5CC058F4-98A4-4959-BE73-10A53B784B36}.Debug|Any CPU.ActiveCfg = Debug|Any CPU
		{5CC058F4-98A4-4959-BE73-10A53B784B36}.Debug|Any CPU.Build.0 = Debug|Any CPU
		{5CC058F4-98A4-4959-BE73-10A53B784B36}.Release|Any CPU.ActiveCfg = Release|Any CPU
		{5CC058F4-98A4-4959-BE73-10A53B784B36}.Release|Any CPU.Build.0 = Release|Any CPU
	EndGlobalSection
	GlobalSection(SolutionProperties) = preSolution
		HideSolutionNode = FALSE
	EndGlobalSection
	GlobalSection(ExtensibilityGlobals) = postSolution
		SolutionGuid = {47BF30EE-FE34-4352-8DD7-A7A286E03B84}
	EndGlobalSection
EndGlobal
