
Microsoft Visual Studio Solution File, Format Version 12.00
# Visual Studio Version 16
VisualStudioVersion = 16.0.33529.622
MinimumVisualStudioVersion = 10.0.40219.1
Project("{FAE04EC0-301F-11D3-BF4B-00C04F79EFBC}") = "InfiniteGestalt", "InfiniteGestalt.csproj", "{CE5FF58B-A7A5-4FFB-8ED2-534DBCBE2C49}"
EndProject
Global
	GlobalSection(SolutionConfigurationPlatforms) = preSolution
		Debug|Any CPU = Debug|Any CPU
		Release|Any CPU = Release|Any CPU
	EndGlobalSection
	GlobalSection(ProjectConfigurationPlatforms) = postSolution
		{CE5FF58B-A7A5-4FFB-8ED2-534DBCBE2C49}.Debug|Any CPU.ActiveCfg = Debug|Any CPU
		{CE5FF58B-A7A5-4FFB-8ED2-534DBCBE2C49}.Debug|Any CPU.Build.0 = Debug|Any CPU
		{CE5FF58B-A7A5-4FFB-8ED2-534DBCBE2C49}.Release|Any CPU.ActiveCfg = Release|Any CPU
		{CE5FF58B-A7A5-4FFB-8ED2-534DBCBE2C49}.Release|Any CPU.Build.0 = Release|Any CPU
	EndGlobalSection
	GlobalSection(SolutionProperties) = preSolution
		HideSolutionNode = FALSE
	EndGlobalSection
	GlobalSection(ExtensibilityGlobals) = postSolution
		SolutionGuid = {F1231CAB-93E3-4CD2-A591-758BAD580456}
	EndGlobalSection
EndGlobal
