
Microsoft Visual Studio Solution File, Format Version 12.00
# Visual Studio Version 17
VisualStudioVersion = 17.10.35122.118
MinimumVisualStudioVersion = 10.0.40219.1
Project("{FAE04EC0-301F-11D3-BF4B-00C04F79EFBC}") = "MechExpansionAOTC", "MechExpansionAOTC.csproj", "{ED54682F-F5B2-486C-A0D0-23982A8C94B4}"
EndProject
Global
	GlobalSection(SolutionConfigurationPlatforms) = preSolution
		Debug|Any CPU = Debug|Any CPU
		Release|Any CPU = Release|Any CPU
	EndGlobalSection
	GlobalSection(ProjectConfigurationPlatforms) = postSolution
		{ED54682F-F5B2-486C-A0D0-23982A8C94B4}.Debug|Any CPU.ActiveCfg = Debug|Any CPU
		{ED54682F-F5B2-486C-A0D0-23982A8C94B4}.Debug|Any CPU.Build.0 = Debug|Any CPU
		{ED54682F-F5B2-486C-A0D0-23982A8C94B4}.Release|Any CPU.ActiveCfg = Release|Any CPU
		{ED54682F-F5B2-486C-A0D0-23982A8C94B4}.Release|Any CPU.Build.0 = Release|Any CPU
	EndGlobalSection
	GlobalSection(SolutionProperties) = preSolution
		HideSolutionNode = FALSE
	EndGlobalSection
	GlobalSection(ExtensibilityGlobals) = postSolution
		SolutionGuid = {3BF2C2F0-D15E-496D-B966-CDB9CFB58BD1}
	EndGlobalSection
EndGlobal
