
Microsoft Visual Studio Solution File, Format Version 12.00
# Visual Studio Version 17
VisualStudioVersion = 17.5.33424.131
MinimumVisualStudioVersion = 10.0.40219.1
Project("{FAE04EC0-301F-11D3-BF4B-00C04F79EFBC}") = "SlaveBar", "SlaveBar.csproj", "{0362257C-9673-4203-A2ED-2358E08EEFCF}"
EndProject
Global
	GlobalSection(SolutionConfigurationPlatforms) = preSolution
		1.2|Any CPU = 1.2|Any CPU
		1.3|Any CPU = 1.3|Any CPU
		Debug|Any CPU = Debug|Any CPU
		Release|Any CPU = Release|Any CPU
	EndGlobalSection
	GlobalSection(ProjectConfigurationPlatforms) = postSolution
		{0362257C-9673-4203-A2ED-2358E08EEFCF}.1.2|Any CPU.ActiveCfg = 1.2|Any CPU
		{0362257C-9673-4203-A2ED-2358E08EEFCF}.1.2|Any CPU.Build.0 = 1.2|Any CPU
		{0362257C-9673-4203-A2ED-2358E08EEFCF}.1.3|Any CPU.ActiveCfg = 1.3|Any CPU
		{0362257C-9673-4203-A2ED-2358E08EEFCF}.1.3|Any CPU.Build.0 = 1.3|Any CPU
		{0362257C-9673-4203-A2ED-2358E08EEFCF}.Debug|Any CPU.ActiveCfg = Debug|Any CPU
		{0362257C-9673-4203-A2ED-2358E08EEFCF}.Debug|Any CPU.Build.0 = Debug|Any CPU
		{0362257C-9673-4203-A2ED-2358E08EEFCF}.Release|Any CPU.ActiveCfg = Release|Any CPU
		{0362257C-9673-4203-A2ED-2358E08EEFCF}.Release|Any CPU.Build.0 = Release|Any CPU
	EndGlobalSection
	GlobalSection(SolutionProperties) = preSolution
		HideSolutionNode = FALSE
	EndGlobalSection
	GlobalSection(ExtensibilityGlobals) = postSolution
		SolutionGuid = {0B90D90A-FFAB-45F0-9B5B-BE9D927FBB0F}
	EndGlobalSection
EndGlobal
