
Microsoft Visual Studio Solution File, Format Version 12.00
# Visual Studio Version 16
VisualStudioVersion = 16.0.30611.23
MinimumVisualStudioVersion = 10.0.40219.1
Project("{FAE04EC0-301F-11D3-BF4B-00C04F79EFBC}") = "Razorcrest", "Razorcrest.csproj", "{2A8DAE71-E5F2-49A8-B8A2-DC18CE1A19F0}"
EndProject
Global
	GlobalSection(SolutionConfigurationPlatforms) = preSolution
		Debug|Any CPU = Debug|Any CPU
		Release|Any CPU = Release|Any CPU
	EndGlobalSection
	GlobalSection(ProjectConfigurationPlatforms) = postSolution
		{2A8DAE71-E5F2-49A8-B8A2-DC18CE1A19F0}.Debug|Any CPU.ActiveCfg = Debug|Any CPU
		{2A8DAE71-E5F2-49A8-B8A2-DC18CE1A19F0}.Debug|Any CPU.Build.0 = Debug|Any CPU
		{2A8DAE71-E5F2-49A8-B8A2-DC18CE1A19F0}.Release|Any CPU.ActiveCfg = Release|Any CPU
		{2A8DAE71-E5F2-49A8-B8A2-DC18CE1A19F0}.Release|Any CPU.Build.0 = Release|Any CPU
	EndGlobalSection
	GlobalSection(SolutionProperties) = preSolution
		HideSolutionNode = FALSE
	EndGlobalSection
	GlobalSection(ExtensibilityGlobals) = postSolution
		SolutionGuid = {98FC899C-28D1-49DF-B2DC-F82DF5942792}
	EndGlobalSection
EndGlobal
