
Microsoft Visual Studio Solution File, Format Version 12.00
# Visual Studio Version 16
VisualStudioVersion = 16.0.31205.134
MinimumVisualStudioVersion = 10.0.40219.1
Project("{FAE04EC0-301F-11D3-BF4B-00C04F79EFBC}") = "Autotend", "Autotend\Autotend.csproj", "{7E2D1AE4-70F4-4093-855B-D285059B0F1B}"
EndProject
Global
	GlobalSection(SolutionConfigurationPlatforms) = preSolution
		Debug|Any CPU = Debug|Any CPU
		Release|Any CPU = Release|Any CPU
	EndGlobalSection
	GlobalSection(ProjectConfigurationPlatforms) = postSolution
		{7E2D1AE4-70F4-4093-855B-D285059B0F1B}.Debug|Any CPU.ActiveCfg = Debug|Any CPU
		{7E2D1AE4-70F4-4093-855B-D285059B0F1B}.Debug|Any CPU.Build.0 = Debug|Any CPU
		{7E2D1AE4-70F4-4093-855B-D285059B0F1B}.Release|Any CPU.ActiveCfg = Release|Any CPU
		{7E2D1AE4-70F4-4093-855B-D285059B0F1B}.Release|Any CPU.Build.0 = Release|Any CPU
	EndGlobalSection
	GlobalSection(SolutionProperties) = preSolution
		HideSolutionNode = FALSE
	EndGlobalSection
	GlobalSection(ExtensibilityGlobals) = postSolution
		SolutionGuid = {E45FB846-77E1-4E9D-AB04-6808ECD3AE4E}
	EndGlobalSection
EndGlobal
