
Microsoft Visual Studio Solution File, Format Version 12.00
# Visual Studio Version 16
VisualStudioVersion = 16.0.30011.22
MinimumVisualStudioVersion = 10.0.40219.1
Project("{FAE04EC0-301F-11D3-BF4B-00C04F79EFBC}") = "Techprinting", "Techprinting.csproj", "{2881A9B4-0234-40B6-9B02-B3F778D77233}"
EndProject
Global
	GlobalSection(SolutionConfigurationPlatforms) = preSolution
		Debug|Any CPU = Debug|Any CPU
		Release|Any CPU = Release|Any CPU
	EndGlobalSection
	GlobalSection(ProjectConfigurationPlatforms) = postSolution
		{2881A9B4-0234-40B6-9B02-B3F778D77233}.Debug|Any CPU.ActiveCfg = Debug|Any CPU
		{2881A9B4-0234-40B6-9B02-B3F778D77233}.Debug|Any CPU.Build.0 = Debug|Any CPU
		{2881A9B4-0234-40B6-9B02-B3F778D77233}.Release|Any CPU.ActiveCfg = Release|Any CPU
		{2881A9B4-0234-40B6-9B02-B3F778D77233}.Release|Any CPU.Build.0 = Release|Any CPU
	EndGlobalSection
	GlobalSection(SolutionProperties) = preSolution
		HideSolutionNode = FALSE
	EndGlobalSection
	GlobalSection(ExtensibilityGlobals) = postSolution
		SolutionGuid = {2835CD27-2574-4DB4-B118-7F4FCF5FE42F}
	EndGlobalSection
EndGlobal
