
Microsoft Visual Studio Solution File, Format Version 12.00
# Visual Studio Version 16
VisualStudioVersion = 16.0.30320.27
MinimumVisualStudioVersion = 10.0.40219.1
Project("{FAE04EC0-301F-11D3-BF4B-00C04F79EFBC}") = "RimloopMod", "RimloopMod.csproj", "{1A2960AB-8E5C-4760-BF2D-A5BFF56F9594}"
EndProject
Global
	GlobalSection(SolutionConfigurationPlatforms) = preSolution
		Debug|Any CPU = Debug|Any CPU
		Release|Any CPU = Release|Any CPU
	EndGlobalSection
	GlobalSection(ProjectConfigurationPlatforms) = postSolution
		{1A2960AB-8E5C-4760-BF2D-A5BFF56F9594}.Debug|Any CPU.ActiveCfg = Debug|Any CPU
		{1A2960AB-8E5C-4760-BF2D-A5BFF56F9594}.Debug|Any CPU.Build.0 = Debug|Any CPU
		{1A2960AB-8E5C-4760-BF2D-A5BFF56F9594}.Release|Any CPU.ActiveCfg = Release|Any CPU
		{1A2960AB-8E5C-4760-BF2D-A5BFF56F9594}.Release|Any CPU.Build.0 = Release|Any CPU
	EndGlobalSection
	GlobalSection(SolutionProperties) = preSolution
		HideSolutionNode = FALSE
	EndGlobalSection
	GlobalSection(ExtensibilityGlobals) = postSolution
		SolutionGuid = {4D782256-95D6-4C0C-9989-6C67A2128AB3}
	EndGlobalSection
EndGlobal
