
Microsoft Visual Studio Solution File, Format Version 12.00
# Visual Studio Version 16
VisualStudioVersion = 25.0.1705.4
MinimumVisualStudioVersion = 10.0.40219.1
Project("{FAE04EC0-301F-11D3-BF4B-00C04F79EFBC}") = "PositiveConnections", "PositiveConnections\PositiveConnections.csproj", "{1DA133E8-B4CE-4359-ABF1-4F8503D9F890}"
EndProject
Global
	GlobalSection(SolutionConfigurationPlatforms) = preSolution
		Debug|Any CPU = Debug|Any CPU
		Release|Any CPU = Release|Any CPU
	EndGlobalSection
	GlobalSection(ProjectConfigurationPlatforms) = postSolution
		{1DA133E8-B4CE-4359-ABF1-4F8503D9F890}.Debug|Any CPU.ActiveCfg = Debug|Any CPU
		{1DA133E8-B4CE-4359-ABF1-4F8503D9F890}.Debug|Any CPU.Build.0 = Debug|Any CPU
		{1DA133E8-B4CE-4359-ABF1-4F8503D9F890}.Release|Any CPU.ActiveCfg = Release|Any CPU
		{1DA133E8-B4CE-4359-ABF1-4F8503D9F890}.Release|Any CPU.Build.0 = Release|Any CPU
	EndGlobalSection
	GlobalSection(SolutionProperties) = preSolution
		HideSolutionNode = FALSE
	EndGlobalSection
	GlobalSection(ExtensibilityGlobals) = postSolution
		SolutionGuid = {12F727A8-2BAE-47A6-871D-5651ECA10F95}
	EndGlobalSection
EndGlobal
