
Microsoft Visual Studio Solution File, Format Version 12.00
# Visual Studio Version 16
VisualStudioVersion = 16.0.31005.135
MinimumVisualStudioVersion = 10.0.40219.1
Project("{FAE04EC0-301F-11D3-BF4B-00C04F79EFBC}") = "HeavyMelee", "HeavyMelee.csproj", "{8884193E-316E-4D55-BD33-BC6DE3FDC93D}"
EndProject
Global
	GlobalSection(SolutionConfigurationPlatforms) = preSolution
		Debug|Any CPU = Debug|Any CPU
		Release|Any CPU = Release|Any CPU
	EndGlobalSection
	GlobalSection(ProjectConfigurationPlatforms) = postSolution
		{8884193E-316E-4D55-BD33-BC6DE3FDC93D}.Debug|Any CPU.ActiveCfg = Debug|Any CPU
		{8884193E-316E-4D55-BD33-BC6DE3FDC93D}.Debug|Any CPU.Build.0 = Debug|Any CPU
		{8884193E-316E-4D55-BD33-BC6DE3FDC93D}.Release|Any CPU.ActiveCfg = Release|Any CPU
		{8884193E-316E-4D55-BD33-BC6DE3FDC93D}.Release|Any CPU.Build.0 = Release|Any CPU
	EndGlobalSection
	GlobalSection(SolutionProperties) = preSolution
		HideSolutionNode = FALSE
	EndGlobalSection
	GlobalSection(ExtensibilityGlobals) = postSolution
		SolutionGuid = {5E306D39-832E-4AC7-B7AB-8B360E9F6324}
	EndGlobalSection
EndGlobal
