
Microsoft Visual Studio Solution File, Format Version 12.00
# Visual Studio Version 16
VisualStudioVersion = 16.0.28803.202
MinimumVisualStudioVersion = 10.0.40219.1
Project("{FAE04EC0-301F-11D3-BF4B-00C04F79EFBC}") = "Automatons", "Automatons\Automatons.csproj", "{92EFF911-8973-4FE6-AC9B-EBDE0040CF3E}"
EndProject
Global
	GlobalSection(SolutionConfigurationPlatforms) = preSolution
		Debug|Any CPU = Debug|Any CPU
		Release|Any CPU = Release|Any CPU
	EndGlobalSection
	GlobalSection(ProjectConfigurationPlatforms) = postSolution
		{92EFF911-8973-4FE6-AC9B-EBDE0040CF3E}.Debug|Any CPU.ActiveCfg = Debug|Any CPU
		{92EFF911-8973-4FE6-AC9B-EBDE0040CF3E}.Debug|Any CPU.Build.0 = Debug|Any CPU
		{92EFF911-8973-4FE6-AC9B-EBDE0040CF3E}.Release|Any CPU.ActiveCfg = Release|Any CPU
		{92EFF911-8973-4FE6-AC9B-EBDE0040CF3E}.Release|Any CPU.Build.0 = Release|Any CPU
	EndGlobalSection
	GlobalSection(SolutionProperties) = preSolution
		HideSolutionNode = FALSE
	EndGlobalSection
	GlobalSection(ExtensibilityGlobals) = postSolution
		SolutionGuid = {DA472FFC-40C9-44A4-93C9-1FA408839730}
	EndGlobalSection
EndGlobal
