
Microsoft Visual Studio Solution File, Format Version 12.00
# Visual Studio Version 16
VisualStudioVersion = 16.0.31005.135
MinimumVisualStudioVersion = 10.0.40219.1
Project("{FAE04EC0-301F-11D3-BF4B-00C04F79EFBC}") = "Diaper", "Diaper\Diaper.csproj", "{45FE7C89-AFEE-42A1-90AA-CC5EA67AB40C}"
EndProject
Project("{FAE04EC0-301F-11D3-BF4B-00C04F79EFBC}") = "ClassLibrary1", "..\..\..\Crests\Source\Crests\ClassLibrary1\ClassLibrary1.csproj", "{5E7A3017-E5E2-44CE-AAB9-ED4A50AADAE9}"
EndProject
Global
	GlobalSection(SolutionConfigurationPlatforms) = preSolution
		Debug|Any CPU = Debug|Any CPU
		Release|Any CPU = Release|Any CPU
	EndGlobalSection
	GlobalSection(ProjectConfigurationPlatforms) = postSolution
		{45FE7C89-AFEE-42A1-90AA-CC5EA67AB40C}.Debug|Any CPU.ActiveCfg = Debug|Any CPU
		{45FE7C89-AFEE-42A1-90AA-CC5EA67AB40C}.Debug|Any CPU.Build.0 = Debug|Any CPU
		{45FE7C89-AFEE-42A1-90AA-CC5EA67AB40C}.Release|Any CPU.ActiveCfg = Release|Any CPU
		{45FE7C89-AFEE-42A1-90AA-CC5EA67AB40C}.Release|Any CPU.Build.0 = Release|Any CPU
		{5E7A3017-E5E2-44CE-AAB9-ED4A50AADAE9}.Debug|Any CPU.ActiveCfg = Debug|Any CPU
		{5E7A3017-E5E2-44CE-AAB9-ED4A50AADAE9}.Debug|Any CPU.Build.0 = Debug|Any CPU
		{5E7A3017-E5E2-44CE-AAB9-ED4A50AADAE9}.Release|Any CPU.ActiveCfg = Release|Any CPU
		{5E7A3017-E5E2-44CE-AAB9-ED4A50AADAE9}.Release|Any CPU.Build.0 = Release|Any CPU
	EndGlobalSection
	GlobalSection(SolutionProperties) = preSolution
		HideSolutionNode = FALSE
	EndGlobalSection
	GlobalSection(ExtensibilityGlobals) = postSolution
		SolutionGuid = {19153964-7E8E-40D6-816F-55FEEC47A864}
	EndGlobalSection
EndGlobal
