
Microsoft Visual Studio Solution File, Format Version 12.00
# Visual Studio Version 16
VisualStudioVersion = 16.0.30611.23
MinimumVisualStudioVersion = 10.0.40219.1
Project("{FAE04EC0-301F-11D3-BF4B-00C04F79EFBC}") = "BattleQuests", "BattleQuests.csproj", "{8EEE03EF-01E0-493A-94F5-E1ED66CA7B20}"
EndProject
Global
	GlobalSection(SolutionConfigurationPlatforms) = preSolution
		Debug|Any CPU = Debug|Any CPU
		Release|Any CPU = Release|Any CPU
	EndGlobalSection
	GlobalSection(ProjectConfigurationPlatforms) = postSolution
		{8EEE03EF-01E0-493A-94F5-E1ED66CA7B20}.Debug|Any CPU.ActiveCfg = Debug|Any CPU
		{8EEE03EF-01E0-493A-94F5-E1ED66CA7B20}.Debug|Any CPU.Build.0 = Debug|Any CPU
		{8EEE03EF-01E0-493A-94F5-E1ED66CA7B20}.Release|Any CPU.ActiveCfg = Release|Any CPU
		{8EEE03EF-01E0-493A-94F5-E1ED66CA7B20}.Release|Any CPU.Build.0 = Release|Any CPU
	EndGlobalSection
	GlobalSection(SolutionProperties) = preSolution
		HideSolutionNode = FALSE
	EndGlobalSection
	GlobalSection(ExtensibilityGlobals) = postSolution
		SolutionGuid = {0506B491-131C-4D6D-8FF2-D1B72285B132}
	EndGlobalSection
EndGlobal
