
Microsoft Visual Studio Solution File, Format Version 12.00
# Visual Studio Version 16
VisualStudioVersion = 16.0.30002.166
MinimumVisualStudioVersion = 10.0.40219.1
Project("{FAE04EC0-301F-11D3-BF4B-00C04F79EFBC}") = "UniversalTaxidermy", "UniversalTaxidermy.csproj", "{10285F21-A286-4C96-860E-E6955117B930}"
EndProject
Global
	GlobalSection(SolutionConfigurationPlatforms) = preSolution
		Debug|Any CPU = Debug|Any CPU
		Release|Any CPU = Release|Any CPU
	EndGlobalSection
	GlobalSection(ProjectConfigurationPlatforms) = postSolution
		{10285F21-A286-4C96-860E-E6955117B930}.Debug|Any CPU.ActiveCfg = Debug|Any CPU
		{10285F21-A286-4C96-860E-E6955117B930}.Debug|Any CPU.Build.0 = Debug|Any CPU
		{10285F21-A286-4C96-860E-E6955117B930}.Release|Any CPU.ActiveCfg = Release|Any CPU
		{10285F21-A286-4C96-860E-E6955117B930}.Release|Any CPU.Build.0 = Release|Any CPU
	EndGlobalSection
	GlobalSection(SolutionProperties) = preSolution
		HideSolutionNode = FALSE
	EndGlobalSection
	GlobalSection(ExtensibilityGlobals) = postSolution
		SolutionGuid = {7EC5348B-468B-45B2-A571-EE0FA96B03B2}
	EndGlobalSection
EndGlobal
