
Microsoft Visual Studio Solution File, Format Version 12.00
# Visual Studio Version 16
VisualStudioVersion = 16.0.31105.61
MinimumVisualStudioVersion = 10.0.40219.1
Project("{FAE04EC0-301F-11D3-BF4B-00C04F79EFBC}") = "ColoniesEvolved", "ColoniesEvolved\ColoniesEvolved.csproj", "{C174B236-13BB-40F0-B6D0-86EB10FCCB1D}"
EndProject
Global
	GlobalSection(SolutionConfigurationPlatforms) = preSolution
		Debug|Any CPU = Debug|Any CPU
		Release|Any CPU = Release|Any CPU
	EndGlobalSection
	GlobalSection(ProjectConfigurationPlatforms) = postSolution
		{C174B236-13BB-40F0-B6D0-86EB10FCCB1D}.Debug|Any CPU.ActiveCfg = Debug|Any CPU
		{C174B236-13BB-40F0-B6D0-86EB10FCCB1D}.Debug|Any CPU.Build.0 = Debug|Any CPU
		{C174B236-13BB-40F0-B6D0-86EB10FCCB1D}.Release|Any CPU.ActiveCfg = Release|Any CPU
		{C174B236-13BB-40F0-B6D0-86EB10FCCB1D}.Release|Any CPU.Build.0 = Release|Any CPU
	EndGlobalSection
	GlobalSection(SolutionProperties) = preSolution
		HideSolutionNode = FALSE
	EndGlobalSection
	GlobalSection(ExtensibilityGlobals) = postSolution
		SolutionGuid = {2A357D8B-D492-486B-93A9-B26B1BC513C2}
	EndGlobalSection
EndGlobal
