
Microsoft Visual Studio Solution File, Format Version 12.00
# Visual Studio Version 17
VisualStudioVersion = 17.7.34221.43
MinimumVisualStudioVersion = 10.0.40219.1
Project("{FAE04EC0-301F-11D3-BF4B-00C04F79EFBC}") = "ArmoredUp", "ArmoredUp.csproj", "{33CA70EF-57B4-4597-B7C6-7A8001D55CE3}"
EndProject
Project("{FAE04EC0-301F-11D3-BF4B-00C04F79EFBC}") = "VehiclesPatches", "VehiclesPatches\VehiclesPatches.csproj", "{6CCD8192-9CD2-46A2-9313-8A802A096016}"
EndProject
Global
	GlobalSection(SolutionConfigurationPlatforms) = preSolution
		Debug|Any CPU = Debug|Any CPU
		Release|Any CPU = Release|Any CPU
	EndGlobalSection
	GlobalSection(ProjectConfigurationPlatforms) = postSolution
		{33CA70EF-57B4-4597-B7C6-7A8001D55CE3}.Debug|Any CPU.ActiveCfg = Debug|Any CPU
		{33CA70EF-57B4-4597-B7C6-7A8001D55CE3}.Debug|Any CPU.Build.0 = Debug|Any CPU
		{33CA70EF-57B4-4597-B7C6-7A8001D55CE3}.Release|Any CPU.ActiveCfg = Release|Any CPU
		{33CA70EF-57B4-4597-B7C6-7A8001D55CE3}.Release|Any CPU.Build.0 = Release|Any CPU
		{6CCD8192-9CD2-46A2-9313-8A802A096016}.Debug|Any CPU.ActiveCfg = Debug|Any CPU
		{6CCD8192-9CD2-46A2-9313-8A802A096016}.Debug|Any CPU.Build.0 = Debug|Any CPU
		{6CCD8192-9CD2-46A2-9313-8A802A096016}.Release|Any CPU.ActiveCfg = Release|Any CPU
		{6CCD8192-9CD2-46A2-9313-8A802A096016}.Release|Any CPU.Build.0 = Release|Any CPU
	EndGlobalSection
	GlobalSection(SolutionProperties) = preSolution
		HideSolutionNode = FALSE
	EndGlobalSection
	GlobalSection(ExtensibilityGlobals) = postSolution
		SolutionGuid = {D99EAC78-7F7D-4619-B4DC-81134ABB8F40}
	EndGlobalSection
EndGlobal
