
Microsoft Visual Studio Solution File, Format Version 12.00
# Visual Studio Version 17
VisualStudioVersion = 17.2.32616.157
MinimumVisualStudioVersion = 10.0.40219.1
Project("{FAE04EC0-301F-11D3-BF4B-00C04F79EFBC}") = "ClassLibrary1", "ClassLibrary1\ClassLibrary1.csproj", "{EC75275C-4F54-4E6E-A9C5-05202C6864A1}"
EndProject
Global
	GlobalSection(SolutionConfigurationPlatforms) = preSolution
		Debug|Any CPU = Debug|Any CPU
		Release|Any CPU = Release|Any CPU
	EndGlobalSection
	GlobalSection(ProjectConfigurationPlatforms) = postSolution
		{EC75275C-4F54-4E6E-A9C5-05202C6864A1}.Debug|Any CPU.ActiveCfg = Debug|Any CPU
		{EC75275C-4F54-4E6E-A9C5-05202C6864A1}.Debug|Any CPU.Build.0 = Debug|Any CPU
		{EC75275C-4F54-4E6E-A9C5-05202C6864A1}.Release|Any CPU.ActiveCfg = Release|Any CPU
		{EC75275C-4F54-4E6E-A9C5-05202C6864A1}.Release|Any CPU.Build.0 = Release|Any CPU
	EndGlobalSection
	GlobalSection(SolutionProperties) = preSolution
		HideSolutionNode = FALSE
	EndGlobalSection
	GlobalSection(ExtensibilityGlobals) = postSolution
		SolutionGuid = {5B1206F8-506A-4E88-8BB0-450736836230}
	EndGlobalSection
EndGlobal
