
Microsoft Visual Studio Solution File, Format Version 12.00
# Visual Studio Version 16
VisualStudioVersion = 16.0.32126.315
MinimumVisualStudioVersion = 10.0.40219.1
Project("{FAE04EC0-301F-11D3-BF4B-00C04F79EFBC}") = "RelationsHit", "RelationsHit.csproj", "{72547BBB-4D51-4276-8F6C-F6CA8ADE89E4}"
EndProject
Global
	GlobalSection(SolutionConfigurationPlatforms) = preSolution
		Debug|Any CPU = Debug|Any CPU
		Release|Any CPU = Release|Any CPU
	EndGlobalSection
	GlobalSection(ProjectConfigurationPlatforms) = postSolution
		{72547BBB-4D51-4276-8F6C-F6CA8ADE89E4}.Debug|Any CPU.ActiveCfg = Debug|Any CPU
		{72547BBB-4D51-4276-8F6C-F6CA8ADE89E4}.Debug|Any CPU.Build.0 = Debug|Any CPU
		{72547BBB-4D51-4276-8F6C-F6CA8ADE89E4}.Release|Any CPU.ActiveCfg = Release|Any CPU
		{72547BBB-4D51-4276-8F6C-F6CA8ADE89E4}.Release|Any CPU.Build.0 = Release|Any CPU
	EndGlobalSection
	GlobalSection(SolutionProperties) = preSolution
		HideSolutionNode = FALSE
	EndGlobalSection
	GlobalSection(ExtensibilityGlobals) = postSolution
		SolutionGuid = {C5B61B15-2687-45A6-8577-BB1516F38961}
	EndGlobalSection
EndGlobal
