
Microsoft Visual Studio Solution File, Format Version 12.00
# Visual Studio Version 16
VisualStudioVersion = 16.0.30611.23
MinimumVisualStudioVersion = 10.0.40219.1
Project("{FAE04EC0-301F-11D3-BF4B-00C04F79EFBC}") = "Net Belt", "Net Belt\Net Belt.csproj", "{0F48E6C3-FB1A-445C-8416-D67AB15F8E9D}"
EndProject
Global
	GlobalSection(SolutionConfigurationPlatforms) = preSolution
		Debug|Any CPU = Debug|Any CPU
		Release|Any CPU = Release|Any CPU
	EndGlobalSection
	GlobalSection(ProjectConfigurationPlatforms) = postSolution
		{0F48E6C3-FB1A-445C-8416-D67AB15F8E9D}.Debug|Any CPU.ActiveCfg = Debug|Any CPU
		{0F48E6C3-FB1A-445C-8416-D67AB15F8E9D}.Debug|Any CPU.Build.0 = Debug|Any CPU
		{0F48E6C3-FB1A-445C-8416-D67AB15F8E9D}.Release|Any CPU.ActiveCfg = Release|Any CPU
		{0F48E6C3-FB1A-445C-8416-D67AB15F8E9D}.Release|Any CPU.Build.0 = Release|Any CPU
	EndGlobalSection
	GlobalSection(SolutionProperties) = preSolution
		HideSolutionNode = FALSE
	EndGlobalSection
	GlobalSection(ExtensibilityGlobals) = postSolution
		SolutionGuid = {5C436283-8123-4056-8325-7881C184ED44}
	EndGlobalSection
EndGlobal
