
Microsoft Visual Studio Solution File, Format Version 12.00
# Visual Studio Version 16
VisualStudioVersion = 16.0.30907.101
MinimumVisualStudioVersion = 10.0.40219.1
Project("{FAE04EC0-301F-11D3-BF4B-00C04F79EFBC}") = "CryptoExpansion", "CryptoExpansion.csproj", "{353B2795-733B-457B-91E2-6595A1B8BBDD}"
EndProject
Global
	GlobalSection(SolutionConfigurationPlatforms) = preSolution
		Debug|Any CPU = Debug|Any CPU
		Release|Any CPU = Release|Any CPU
	EndGlobalSection
	GlobalSection(ProjectConfigurationPlatforms) = postSolution
		{353B2795-733B-457B-91E2-6595A1B8BBDD}.Debug|Any CPU.ActiveCfg = Debug|Any CPU
		{353B2795-733B-457B-91E2-6595A1B8BBDD}.Debug|Any CPU.Build.0 = Debug|Any CPU
		{353B2795-733B-457B-91E2-6595A1B8BBDD}.Release|Any CPU.ActiveCfg = Release|Any CPU
		{353B2795-733B-457B-91E2-6595A1B8BBDD}.Release|Any CPU.Build.0 = Release|Any CPU
	EndGlobalSection
	GlobalSection(SolutionProperties) = preSolution
		HideSolutionNode = FALSE
	EndGlobalSection
	GlobalSection(ExtensibilityGlobals) = postSolution
		SolutionGuid = {38B32B2F-8C39-4994-BB80-BC13FE96330F}
	EndGlobalSection
EndGlobal
