
Microsoft Visual Studio Solution File, Format Version 12.00
# Visual Studio Version 16
VisualStudioVersion = 16.0.29215.179
MinimumVisualStudioVersion = 10.0.40219.1
Project("{FAE04EC0-301F-11D3-BF4B-00C04F79EFBC}") = "EBTools", "EBTools.csproj", "{1F9B99C7-368E-4162-8103-DAD5D05A2672}"
EndProject
Global
	GlobalSection(SolutionConfigurationPlatforms) = preSolution
		Debug|Any CPU = Debug|Any CPU
		Release|Any CPU = Release|Any CPU
	EndGlobalSection
	GlobalSection(ProjectConfigurationPlatforms) = postSolution
		{1F9B99C7-368E-4162-8103-DAD5D05A2672}.Debug|Any CPU.ActiveCfg = Debug|Any CPU
		{1F9B99C7-368E-4162-8103-DAD5D05A2672}.Debug|Any CPU.Build.0 = Debug|Any CPU
		{1F9B99C7-368E-4162-8103-DAD5D05A2672}.Release|Any CPU.ActiveCfg = Release|Any CPU
		{1F9B99C7-368E-4162-8103-DAD5D05A2672}.Release|Any CPU.Build.0 = Release|Any CPU
	EndGlobalSection
	GlobalSection(SolutionProperties) = preSolution
		HideSolutionNode = FALSE
	EndGlobalSection
	GlobalSection(ExtensibilityGlobals) = postSolution
		SolutionGuid = {907CE5E0-29AB-4423-ABEF-66D957F6F481}
	EndGlobalSection
EndGlobal
