
Microsoft Visual Studio Solution File, Format Version 12.00
# Visual Studio Version 17
VisualStudioVersion = 17.2.32519.379
MinimumVisualStudioVersion = 10.0.40219.1
Project("{FAE04EC0-301F-11D3-BF4B-00C04F79EFBC}") = "SpreadTheWord", "SpreadTheWord\SpreadTheWord.csproj", "{B3D467D3-8B89-4271-984F-7ED5FE10AA1D}"
EndProject
Global
	GlobalSection(SolutionConfigurationPlatforms) = preSolution
		Debug|Any CPU = Debug|Any CPU
		Release|Any CPU = Release|Any CPU
	EndGlobalSection
	GlobalSection(ProjectConfigurationPlatforms) = postSolution
		{B3D467D3-8B89-4271-984F-7ED5FE10AA1D}.Debug|Any CPU.ActiveCfg = Debug|Any CPU
		{B3D467D3-8B89-4271-984F-7ED5FE10AA1D}.Debug|Any CPU.Build.0 = Debug|Any CPU
		{B3D467D3-8B89-4271-984F-7ED5FE10AA1D}.Release|Any CPU.ActiveCfg = Release|Any CPU
		{B3D467D3-8B89-4271-984F-7ED5FE10AA1D}.Release|Any CPU.Build.0 = Release|Any CPU
	EndGlobalSection
	GlobalSection(SolutionProperties) = preSolution
		HideSolutionNode = FALSE
	EndGlobalSection
	GlobalSection(ExtensibilityGlobals) = postSolution
		SolutionGuid = {47D3CF20-1447-4D77-87FF-27972D7AB719}
	EndGlobalSection
EndGlobal
