
Microsoft Visual Studio Solution File, Format Version 12.00
# Visual Studio Version 16
VisualStudioVersion = 16.0.32510.428
MinimumVisualStudioVersion = 10.0.40219.1
Project("{FAE04EC0-301F-11D3-BF4B-00C04F79EFBC}") = "ESCP_NecromanticThralls_HAR", "ESCP_NecromanticThralls_HAR\ESCP_NecromanticThralls_HAR.csproj", "{5CA68331-CF87-429E-B2F5-AB9751A1D62A}"
EndProject
Global
	GlobalSection(SolutionConfigurationPlatforms) = preSolution
		Debug|Any CPU = Debug|Any CPU
		Release|Any CPU = Release|Any CPU
	EndGlobalSection
	GlobalSection(ProjectConfigurationPlatforms) = postSolution
		{5CA68331-CF87-429E-B2F5-AB9751A1D62A}.Debug|Any CPU.ActiveCfg = Debug|Any CPU
		{5CA68331-CF87-429E-B2F5-AB9751A1D62A}.Debug|Any CPU.Build.0 = Debug|Any CPU
		{5CA68331-CF87-429E-B2F5-AB9751A1D62A}.Release|Any CPU.ActiveCfg = Release|Any CPU
		{5CA68331-CF87-429E-B2F5-AB9751A1D62A}.Release|Any CPU.Build.0 = Release|Any CPU
	EndGlobalSection
	GlobalSection(SolutionProperties) = preSolution
		HideSolutionNode = FALSE
	EndGlobalSection
	GlobalSection(ExtensibilityGlobals) = postSolution
		SolutionGuid = {464D244F-C9C7-40CA-A595-2652435B88B0}
	EndGlobalSection
EndGlobal
