
Microsoft Visual Studio Solution File, Format Version 12.00
# Visual Studio Version 16
VisualStudioVersion = 16.0.31515.178
MinimumVisualStudioVersion = 10.0.40219.1
Project("{FAE04EC0-301F-11D3-BF4B-00C04F79EFBC}") = "Obliterator", "Obliterator.csproj", "{42AC2993-A95E-4348-8DF3-BDBE72D93FE5}"
EndProject
Global
	GlobalSection(SolutionConfigurationPlatforms) = preSolution
		Debug|Any CPU = Debug|Any CPU
		Release|Any CPU = Release|Any CPU
	EndGlobalSection
	GlobalSection(ProjectConfigurationPlatforms) = postSolution
		{42AC2993-A95E-4348-8DF3-BDBE72D93FE5}.Debug|Any CPU.ActiveCfg = Debug|Any CPU
		{42AC2993-A95E-4348-8DF3-BDBE72D93FE5}.Debug|Any CPU.Build.0 = Debug|Any CPU
		{42AC2993-A95E-4348-8DF3-BDBE72D93FE5}.Release|Any CPU.ActiveCfg = Release|Any CPU
		{42AC2993-A95E-4348-8DF3-BDBE72D93FE5}.Release|Any CPU.Build.0 = Release|Any CPU
	EndGlobalSection
	GlobalSection(SolutionProperties) = preSolution
		HideSolutionNode = FALSE
	EndGlobalSection
	GlobalSection(ExtensibilityGlobals) = postSolution
		SolutionGuid = {6D1EDAB9-3F0B-402A-8270-78BB9B086687}
	EndGlobalSection
EndGlobal
