
Microsoft Visual Studio Solution File, Format Version 12.00
# Visual Studio Version 16
VisualStudioVersion = 16.0.30204.135
MinimumVisualStudioVersion = 10.0.40219.1
Project("{FAE04EC0-301F-11D3-BF4B-00C04F79EFBC}") = "Entomophagy", "Entomophagy.csproj", "{36FCFCC0-60EC-498C-9534-AD1518C3326B}"
EndProject
Global
	GlobalSection(SolutionConfigurationPlatforms) = preSolution
		Debug|Any CPU = Debug|Any CPU
		Release|Any CPU = Release|Any CPU
	EndGlobalSection
	GlobalSection(ProjectConfigurationPlatforms) = postSolution
		{36FCFCC0-60EC-498C-9534-AD1518C3326B}.Debug|Any CPU.ActiveCfg = Debug|Any CPU
		{36FCFCC0-60EC-498C-9534-AD1518C3326B}.Debug|Any CPU.Build.0 = Debug|Any CPU
		{36FCFCC0-60EC-498C-9534-AD1518C3326B}.Release|Any CPU.ActiveCfg = Release|Any CPU
		{36FCFCC0-60EC-498C-9534-AD1518C3326B}.Release|Any CPU.Build.0 = Release|Any CPU
	EndGlobalSection
	GlobalSection(SolutionProperties) = preSolution
		HideSolutionNode = FALSE
	EndGlobalSection
	GlobalSection(ExtensibilityGlobals) = postSolution
		SolutionGuid = {27077586-66BE-4F87-81E5-FFF2F8F34E0F}
	EndGlobalSection
EndGlobal
