
Microsoft Visual Studio Solution File, Format Version 12.00
# Visual Studio Version 17
VisualStudioVersion = 17.3.32519.111
MinimumVisualStudioVersion = 10.0.40219.1
Project("{9A19103F-16F7-4668-BE54-9A1E7A4F7556}") = "SimpleWarrants", "SimpleWarrants\SimpleWarrants.csproj", "{77E520A6-5131-4BF3-BE24-0AFB11D6E042}"
EndProject
Global
	GlobalSection(SolutionConfigurationPlatforms) = preSolution
		v1.3|Any CPU = v1.3|Any CPU
		v1.3|ARM64 = v1.3|ARM64
	EndGlobalSection
	GlobalSection(ProjectConfigurationPlatforms) = postSolution
		{77E520A6-5131-4BF3-BE24-0AFB11D6E042}.v1.3|Any CPU.ActiveCfg = v1.3|Any CPU
		{77E520A6-5131-4BF3-BE24-0AFB11D6E042}.v1.3|Any CPU.Build.0 = v1.3|Any CPU
		{77E520A6-5131-4BF3-BE24-0AFB11D6E042}.v1.3|ARM64.ActiveCfg = v1.3|ARM64
		{77E520A6-5131-4BF3-BE24-0AFB11D6E042}.v1.3|ARM64.Build.0 = v1.3|ARM64
	EndGlobalSection
	GlobalSection(SolutionProperties) = preSolution
		HideSolutionNode = FALSE
	EndGlobalSection
	GlobalSection(ExtensibilityGlobals) = postSolution
		SolutionGuid = {81FE06F8-FE58-4F6F-8ED1-C9BE28A02B9D}
	EndGlobalSection
EndGlobal
