
Microsoft Visual Studio Solution File, Format Version 12.00
# Visual Studio Version 16
VisualStudioVersion = 16.0.30413.136
MinimumVisualStudioVersion = 10.0.40219.1
Project("{FAE04EC0-301F-11D3-BF4B-00C04F79EFBC}") = "HLVR", "HLVR\HLVR.csproj", "{DEE49B60-17CB-4A10-A610-AC204FE425D6}"
EndProject
Global
	GlobalSection(SolutionConfigurationPlatforms) = preSolution
		Debug|Any CPU = Debug|Any CPU
		Release|Any CPU = Release|Any CPU
	EndGlobalSection
	GlobalSection(ProjectConfigurationPlatforms) = postSolution
		{DEE49B60-17CB-4A10-A610-AC204FE425D6}.Debug|Any CPU.ActiveCfg = Debug|Any CPU
		{DEE49B60-17CB-4A10-A610-AC204FE425D6}.Debug|Any CPU.Build.0 = Debug|Any CPU
		{DEE49B60-17CB-4A10-A610-AC204FE425D6}.Release|Any CPU.ActiveCfg = Release|Any CPU
		{DEE49B60-17CB-4A10-A610-AC204FE425D6}.Release|Any CPU.Build.0 = Release|Any CPU
	EndGlobalSection
	GlobalSection(SolutionProperties) = preSolution
		HideSolutionNode = FALSE
	EndGlobalSection
	GlobalSection(ExtensibilityGlobals) = postSolution
		SolutionGuid = {8F540D19-FF00-423B-9E81-BE8C7CD76635}
	EndGlobalSection
EndGlobal
