
Microsoft Visual Studio Solution File, Format Version 12.00
# Visual Studio 15
VisualStudioVersion = 15.0.28307.136
MinimumVisualStudioVersion = 10.0.40219.1
Project("{FAE04EC0-301F-11D3-BF4B-00C04F79EFBC}") = "CM_No_Pawn_Left_Behind", "CM_No_Pawn_Left_Behind.csproj", "{9269D4B6-8D8F-4247-A71E-D3603A311590}"
EndProject
Global
	GlobalSection(SolutionConfigurationPlatforms) = preSolution
		Debug|Any CPU = Debug|Any CPU
		Release|Any CPU = Release|Any CPU
	EndGlobalSection
	GlobalSection(ProjectConfigurationPlatforms) = postSolution
		{9269D4B6-8D8F-4247-A71E-D3603A311590}.Debug|Any CPU.ActiveCfg = Debug|Any CPU
		{9269D4B6-8D8F-4247-A71E-D3603A311590}.Debug|Any CPU.Build.0 = Debug|Any CPU
		{9269D4B6-8D8F-4247-A71E-D3603A311590}.Release|Any CPU.ActiveCfg = Release|Any CPU
		{9269D4B6-8D8F-4247-A71E-D3603A311590}.Release|Any CPU.Build.0 = Release|Any CPU
	EndGlobalSection
	GlobalSection(SolutionProperties) = preSolution
		HideSolutionNode = FALSE
	EndGlobalSection
	GlobalSection(ExtensibilityGlobals) = postSolution
		SolutionGuid = {1A953B2E-2B6F-4DF1-B2E2-53CCCE9B8C82}
	EndGlobalSection
EndGlobal
