
Microsoft Visual Studio Solution File, Format Version 12.00
# Visual Studio Version 17
VisualStudioVersion = 17.2.32630.192
MinimumVisualStudioVersion = 10.0.40219.1
Project("{FAE04EC0-301F-11D3-BF4B-00C04F79EFBC}") = "PlasmaShieldImplant", "PlasmaShieldImplant.csproj", "{C8FAAA59-41D1-4469-B647-9FF1984C3318}"
EndProject
Global
	GlobalSection(SolutionConfigurationPlatforms) = preSolution
		Debug|Any CPU = Debug|Any CPU
		Release|Any CPU = Release|Any CPU
	EndGlobalSection
	GlobalSection(ProjectConfigurationPlatforms) = postSolution
		{C8FAAA59-41D1-4469-B647-9FF1984C3318}.Debug|Any CPU.ActiveCfg = Debug|Any CPU
		{C8FAAA59-41D1-4469-B647-9FF1984C3318}.Debug|Any CPU.Build.0 = Debug|Any CPU
		{C8FAAA59-41D1-4469-B647-9FF1984C3318}.Release|Any CPU.ActiveCfg = Release|Any CPU
		{C8FAAA59-41D1-4469-B647-9FF1984C3318}.Release|Any CPU.Build.0 = Release|Any CPU
	EndGlobalSection
	GlobalSection(SolutionProperties) = preSolution
		HideSolutionNode = FALSE
	EndGlobalSection
	GlobalSection(ExtensibilityGlobals) = postSolution
		SolutionGuid = {E688F55C-38DE-4B46-AA2C-F3796179EA33}
	EndGlobalSection
EndGlobal
