
Microsoft Visual Studio Solution File, Format Version 12.00
# Visual Studio Version 16
VisualStudioVersion = 16.0.31515.178
MinimumVisualStudioVersion = 10.0.40219.1
Project("{FAE04EC0-301F-11D3-BF4B-00C04F79EFBC}") = "DamageMultipliers", "DamageMultipliers.csproj", "{E72191DD-DE12-4D1A-B8B4-BF9ACD05D5FB}"
EndProject
Global
	GlobalSection(SolutionConfigurationPlatforms) = preSolution
		Debug|Any CPU = Debug|Any CPU
		Release|Any CPU = Release|Any CPU
	EndGlobalSection
	GlobalSection(ProjectConfigurationPlatforms) = postSolution
		{E72191DD-DE12-4D1A-B8B4-BF9ACD05D5FB}.Debug|Any CPU.ActiveCfg = Debug|Any CPU
		{E72191DD-DE12-4D1A-B8B4-BF9ACD05D5FB}.Debug|Any CPU.Build.0 = Debug|Any CPU
		{E72191DD-DE12-4D1A-B8B4-BF9ACD05D5FB}.Release|Any CPU.ActiveCfg = Release|Any CPU
		{E72191DD-DE12-4D1A-B8B4-BF9ACD05D5FB}.Release|Any CPU.Build.0 = Release|Any CPU
	EndGlobalSection
	GlobalSection(SolutionProperties) = preSolution
		HideSolutionNode = FALSE
	EndGlobalSection
	GlobalSection(ExtensibilityGlobals) = postSolution
		SolutionGuid = {8027D8CF-2B04-45BF-9C3D-A02BFECEB0BA}
	EndGlobalSection
EndGlobal
