
Microsoft Visual Studio Solution File, Format Version 12.00
# Visual Studio 15
VisualStudioVersion = 15.0.27703.2042
MinimumVisualStudioVersion = 10.0.40219.1
Project("{FAE04EC0-301F-11D3-BF4B-00C04F79EFBC}") = "LevelUp", "LevelUp\LevelUp.csproj", "{772C4414-CA6A-45E6-BF4E-CEBF8EF8408D}"
EndProject
Global
	GlobalSection(SolutionConfigurationPlatforms) = preSolution
		Debug|Any CPU = Debug|Any CPU
		Release|Any CPU = Release|Any CPU
	EndGlobalSection
	GlobalSection(ProjectConfigurationPlatforms) = postSolution
		{772C4414-CA6A-45E6-BF4E-CEBF8EF8408D}.Debug|Any CPU.ActiveCfg = Debug|Any CPU
		{772C4414-CA6A-45E6-BF4E-CEBF8EF8408D}.Debug|Any CPU.Build.0 = Debug|Any CPU
		{772C4414-CA6A-45E6-BF4E-CEBF8EF8408D}.Release|Any CPU.ActiveCfg = Release|Any CPU
		{772C4414-CA6A-45E6-BF4E-CEBF8EF8408D}.Release|Any CPU.Build.0 = Release|Any CPU
	EndGlobalSection
	GlobalSection(SolutionProperties) = preSolution
		HideSolutionNode = FALSE
	EndGlobalSection
	GlobalSection(ExtensibilityGlobals) = postSolution
		SolutionGuid = {4033C8AB-FA31-4E28-9445-0E374E24CFA9}
	EndGlobalSection
EndGlobal
