
Microsoft Visual Studio Solution File, Format Version 12.00
# Visual Studio 15
VisualStudioVersion = 15.0.28307.136
MinimumVisualStudioVersion = 10.0.40219.1
Project("{FAE04EC0-301F-11D3-BF4B-00C04F79EFBC}") = "CM_Callouts", "CM_Callouts.csproj", "{CC51BD13-BC2E-4B9B-9563-E7477C1073DD}"
EndProject
Global
	GlobalSection(SolutionConfigurationPlatforms) = preSolution
		Debug|Any CPU = Debug|Any CPU
		Release|Any CPU = Release|Any CPU
	EndGlobalSection
	GlobalSection(ProjectConfigurationPlatforms) = postSolution
		{CC51BD13-BC2E-4B9B-9563-E7477C1073DD}.Debug|Any CPU.ActiveCfg = Debug|Any CPU
		{CC51BD13-BC2E-4B9B-9563-E7477C1073DD}.Debug|Any CPU.Build.0 = Debug|Any CPU
		{CC51BD13-BC2E-4B9B-9563-E7477C1073DD}.Release|Any CPU.ActiveCfg = Release|Any CPU
		{CC51BD13-BC2E-4B9B-9563-E7477C1073DD}.Release|Any CPU.Build.0 = Release|Any CPU
	EndGlobalSection
	GlobalSection(SolutionProperties) = preSolution
		HideSolutionNode = FALSE
	EndGlobalSection
	GlobalSection(ExtensibilityGlobals) = postSolution
		SolutionGuid = {4C8F63B1-5975-4F07-9465-B16524CF8830}
	EndGlobalSection
EndGlobal
