
Microsoft Visual Studio Solution File, Format Version 12.00
# Visual Studio Version 16
VisualStudioVersion = 16.0.30517.126
MinimumVisualStudioVersion = 10.0.40219.1
Project("{FAE04EC0-301F-11D3-BF4B-00C04F79EFBC}") = "Stranger Danger", "Stranger Danger.csproj", "{13E136CD-B778-4884-823C-F241865EC95E}"
EndProject
Global
	GlobalSection(SolutionConfigurationPlatforms) = preSolution
		Debug|Any CPU = Debug|Any CPU
		Release|Any CPU = Release|Any CPU
	EndGlobalSection
	GlobalSection(ProjectConfigurationPlatforms) = postSolution
		{13E136CD-B778-4884-823C-F241865EC95E}.Debug|Any CPU.ActiveCfg = Debug|Any CPU
		{13E136CD-B778-4884-823C-F241865EC95E}.Debug|Any CPU.Build.0 = Debug|Any CPU
		{13E136CD-B778-4884-823C-F241865EC95E}.Release|Any CPU.ActiveCfg = Release|Any CPU
		{13E136CD-B778-4884-823C-F241865EC95E}.Release|Any CPU.Build.0 = Release|Any CPU
	EndGlobalSection
	GlobalSection(SolutionProperties) = preSolution
		HideSolutionNode = FALSE
	EndGlobalSection
	GlobalSection(ExtensibilityGlobals) = postSolution
		SolutionGuid = {F995EE9D-1F57-469E-9B7C-526041281C45}
	EndGlobalSection
EndGlobal
