
Microsoft Visual Studio Solution File, Format Version 12.00
# Visual Studio Version 17
VisualStudioVersion = 17.9.34714.143
MinimumVisualStudioVersion = 10.0.40219.1
Project("{FAE04EC0-301F-11D3-BF4B-00C04F79EFBC}") = "MuzzleFlashInvoker", "MuzzleFlashInvoker.csproj", "{4A457248-540F-4007-B691-BFA3BBDE61BE}"
EndProject
Global
	GlobalSection(SolutionConfigurationPlatforms) = preSolution
		Debug|Any CPU = Debug|Any CPU
		Release|Any CPU = Release|Any CPU
	EndGlobalSection
	GlobalSection(ProjectConfigurationPlatforms) = postSolution
		{4A457248-540F-4007-B691-BFA3BBDE61BE}.Debug|Any CPU.ActiveCfg = Debug|Any CPU
		{4A457248-540F-4007-B691-BFA3BBDE61BE}.Debug|Any CPU.Build.0 = Debug|Any CPU
		{4A457248-540F-4007-B691-BFA3BBDE61BE}.Release|Any CPU.ActiveCfg = Release|Any CPU
		{4A457248-540F-4007-B691-BFA3BBDE61BE}.Release|Any CPU.Build.0 = Release|Any CPU
	EndGlobalSection
	GlobalSection(SolutionProperties) = preSolution
		HideSolutionNode = FALSE
	EndGlobalSection
	GlobalSection(ExtensibilityGlobals) = postSolution
		SolutionGuid = {2A78E30B-7C4A-4EF6-8D02-4281D522EF1D}
	EndGlobalSection
EndGlobal
