
Microsoft Visual Studio Solution File, Format Version 12.00
# Visual Studio Version 16
VisualStudioVersion = 16.0.33423.256
MinimumVisualStudioVersion = 10.0.40219.1
Project("{FAE04EC0-301F-11D3-BF4B-00C04F79EFBC}") = "RealisticMeatScaling", "RealisticMeatScaling.csproj", "{B9C1D763-A664-441B-A0CE-1B00EA886F72}"
EndProject
Global
	GlobalSection(SolutionConfigurationPlatforms) = preSolution
		Debug|Any CPU = Debug|Any CPU
		Release|Any CPU = Release|Any CPU
	EndGlobalSection
	GlobalSection(ProjectConfigurationPlatforms) = postSolution
		{B9C1D763-A664-441B-A0CE-1B00EA886F72}.Debug|Any CPU.ActiveCfg = Debug|Any CPU
		{B9C1D763-A664-441B-A0CE-1B00EA886F72}.Debug|Any CPU.Build.0 = Debug|Any CPU
		{B9C1D763-A664-441B-A0CE-1B00EA886F72}.Release|Any CPU.ActiveCfg = Release|Any CPU
		{B9C1D763-A664-441B-A0CE-1B00EA886F72}.Release|Any CPU.Build.0 = Release|Any CPU
	EndGlobalSection
	GlobalSection(SolutionProperties) = preSolution
		HideSolutionNode = FALSE
	EndGlobalSection
	GlobalSection(ExtensibilityGlobals) = postSolution
		SolutionGuid = {35D365C2-7D4A-4CD9-BD39-0C975E9EE5A4}
	EndGlobalSection
EndGlobal
