
Microsoft Visual Studio Solution File, Format Version 12.00
# Visual Studio Version 16
VisualStudioVersion = 16.0.33529.622
MinimumVisualStudioVersion = 10.0.40219.1
Project("{FAE04EC0-301F-11D3-BF4B-00C04F79EFBC}") = "liberator stuff", "liberator stuff.csproj", "{B459DB79-4ADC-4F90-B95F-00F647B16CEC}"
EndProject
Global
	GlobalSection(SolutionConfigurationPlatforms) = preSolution
		Debug|Any CPU = Debug|Any CPU
		Release|Any CPU = Release|Any CPU
	EndGlobalSection
	GlobalSection(ProjectConfigurationPlatforms) = postSolution
		{B459DB79-4ADC-4F90-B95F-00F647B16CEC}.Debug|Any CPU.ActiveCfg = Debug|Any CPU
		{B459DB79-4ADC-4F90-B95F-00F647B16CEC}.Debug|Any CPU.Build.0 = Debug|Any CPU
		{B459DB79-4ADC-4F90-B95F-00F647B16CEC}.Release|Any CPU.ActiveCfg = Release|Any CPU
		{B459DB79-4ADC-4F90-B95F-00F647B16CEC}.Release|Any CPU.Build.0 = Release|Any CPU
	EndGlobalSection
	GlobalSection(SolutionProperties) = preSolution
		HideSolutionNode = FALSE
	EndGlobalSection
	GlobalSection(ExtensibilityGlobals) = postSolution
		SolutionGuid = {F8891DFE-9B30-4A27-A554-7151AE831736}
	EndGlobalSection
EndGlobal
