
Microsoft Visual Studio Solution File, Format Version 12.00
# Visual Studio 15
VisualStudioVersion = 15.0.28307.329
MinimumVisualStudioVersion = 10.0.40219.1
Project("{FAE04EC0-301F-11D3-BF4B-00C04F79EFBC}") = "RemoveGradualRelationsDecay", "RemoveGradualRelationsDecay.csproj", "{C4B99B98-3551-4DB7-9B79-7901D2159DB9}"
EndProject
Global
	GlobalSection(SolutionConfigurationPlatforms) = preSolution
		Debug|Any CPU = Debug|Any CPU
		Release|Any CPU = Release|Any CPU
	EndGlobalSection
	GlobalSection(ProjectConfigurationPlatforms) = postSolution
		{C4B99B98-3551-4DB7-9B79-7901D2159DB9}.Debug|Any CPU.ActiveCfg = Debug|Any CPU
		{C4B99B98-3551-4DB7-9B79-7901D2159DB9}.Debug|Any CPU.Build.0 = Debug|Any CPU
		{C4B99B98-3551-4DB7-9B79-7901D2159DB9}.Release|Any CPU.ActiveCfg = Release|Any CPU
		{C4B99B98-3551-4DB7-9B79-7901D2159DB9}.Release|Any CPU.Build.0 = Release|Any CPU
	EndGlobalSection
	GlobalSection(SolutionProperties) = preSolution
		HideSolutionNode = FALSE
	EndGlobalSection
	GlobalSection(ExtensibilityGlobals) = postSolution
		SolutionGuid = {2CD4049B-8309-495C-B3F0-C8945552EA39}
	EndGlobalSection
EndGlobal
