
Microsoft Visual Studio Solution File, Format Version 12.00
# Visual Studio Version 16
VisualStudioVersion = 16.0.31702.278
MinimumVisualStudioVersion = 10.0.40219.1
Project("{FAE04EC0-301F-11D3-BF4B-00C04F79EFBC}") = "GeneticDrift", "GeneticDrift.csproj", "{AE3D052A-2BB8-474D-80DA-0D0DDF212850}"
EndProject
Global
	GlobalSection(SolutionConfigurationPlatforms) = preSolution
		Debug|Any CPU = Debug|Any CPU
		Release|Any CPU = Release|Any CPU
	EndGlobalSection
	GlobalSection(ProjectConfigurationPlatforms) = postSolution
		{AE3D052A-2BB8-474D-80DA-0D0DDF212850}.Debug|Any CPU.ActiveCfg = Release|Any CPU
		{AE3D052A-2BB8-474D-80DA-0D0DDF212850}.Debug|Any CPU.Build.0 = Release|Any CPU
		{AE3D052A-2BB8-474D-80DA-0D0DDF212850}.Release|Any CPU.ActiveCfg = Release|Any CPU
		{AE3D052A-2BB8-474D-80DA-0D0DDF212850}.Release|Any CPU.Build.0 = Release|Any CPU
	EndGlobalSection
	GlobalSection(SolutionProperties) = preSolution
		HideSolutionNode = FALSE
	EndGlobalSection
	GlobalSection(ExtensibilityGlobals) = postSolution
		SolutionGuid = {6A1B62B6-38A7-4633-8DF2-632145F402F3}
	EndGlobalSection
EndGlobal
