
Microsoft Visual Studio Solution File, Format Version 12.00
# Visual Studio Version 17
VisualStudioVersion = 17.2.32602.215
MinimumVisualStudioVersion = 10.0.40219.1
Project("{FAE04EC0-301F-11D3-BF4B-00C04F79EFBC}") = "gayssa", "gayssa\gayssa.csproj", "{82FBA9B8-6000-41A2-BBC1-E029DD18E71D}"
EndProject
Global
	GlobalSection(SolutionConfigurationPlatforms) = preSolution
		Debug|Any CPU = Debug|Any CPU
		Release|Any CPU = Release|Any CPU
	EndGlobalSection
	GlobalSection(ProjectConfigurationPlatforms) = postSolution
		{82FBA9B8-6000-41A2-BBC1-E029DD18E71D}.Debug|Any CPU.ActiveCfg = Debug|Any CPU
		{82FBA9B8-6000-41A2-BBC1-E029DD18E71D}.Debug|Any CPU.Build.0 = Debug|Any CPU
		{82FBA9B8-6000-41A2-BBC1-E029DD18E71D}.Release|Any CPU.ActiveCfg = Release|Any CPU
		{82FBA9B8-6000-41A2-BBC1-E029DD18E71D}.Release|Any CPU.Build.0 = Release|Any CPU
	EndGlobalSection
	GlobalSection(SolutionProperties) = preSolution
		HideSolutionNode = FALSE
	EndGlobalSection
	GlobalSection(ExtensibilityGlobals) = postSolution
		SolutionGuid = {BF2CAF63-A8AC-45BF-822A-389B47FFDF44}
	EndGlobalSection
EndGlobal
