
Microsoft Visual Studio Solution File, Format Version 12.00
# Visual Studio Version 16
VisualStudioVersion = 16.0.31410.357
MinimumVisualStudioVersion = 10.0.40219.1
Project("{FAE04EC0-301F-11D3-BF4B-00C04F79EFBC}") = "DesalinationPlant", "DesalinationPlant.csproj", "{3D825CC1-C638-4EA6-A9FA-C532B3755FEB}"
EndProject
Global
	GlobalSection(SolutionConfigurationPlatforms) = preSolution
		Debug|Any CPU = Debug|Any CPU
		Release|Any CPU = Release|Any CPU
	EndGlobalSection
	GlobalSection(ProjectConfigurationPlatforms) = postSolution
		{3D825CC1-C638-4EA6-A9FA-C532B3755FEB}.Debug|Any CPU.ActiveCfg = Debug|Any CPU
		{3D825CC1-C638-4EA6-A9FA-C532B3755FEB}.Debug|Any CPU.Build.0 = Debug|Any CPU
		{3D825CC1-C638-4EA6-A9FA-C532B3755FEB}.Release|Any CPU.ActiveCfg = Release|Any CPU
		{3D825CC1-C638-4EA6-A9FA-C532B3755FEB}.Release|Any CPU.Build.0 = Release|Any CPU
	EndGlobalSection
	GlobalSection(SolutionProperties) = preSolution
		HideSolutionNode = FALSE
	EndGlobalSection
	GlobalSection(ExtensibilityGlobals) = postSolution
		SolutionGuid = {CBB39129-FF27-4997-86DF-3D36D36FBA91}
	EndGlobalSection
EndGlobal
