
Microsoft Visual Studio Solution File, Format Version 12.00
# Visual Studio Version 16
VisualStudioVersion = 16.0.31515.178
MinimumVisualStudioVersion = 10.0.40219.1
Project("{FAE04EC0-301F-11D3-BF4B-00C04F79EFBC}") = "InfiniteResearch", "InfiniteResearch.csproj", "{D8056AA6-BC02-47D6-9CF1-A3720B7FBAD8}"
EndProject
Global
	GlobalSection(SolutionConfigurationPlatforms) = preSolution
		Debug|Any CPU = Debug|Any CPU
		Release|Any CPU = Release|Any CPU
	EndGlobalSection
	GlobalSection(ProjectConfigurationPlatforms) = postSolution
		{D8056AA6-BC02-47D6-9CF1-A3720B7FBAD8}.Debug|Any CPU.ActiveCfg = Debug|Any CPU
		{D8056AA6-BC02-47D6-9CF1-A3720B7FBAD8}.Debug|Any CPU.Build.0 = Debug|Any CPU
		{D8056AA6-BC02-47D6-9CF1-A3720B7FBAD8}.Release|Any CPU.ActiveCfg = Release|Any CPU
		{D8056AA6-BC02-47D6-9CF1-A3720B7FBAD8}.Release|Any CPU.Build.0 = Release|Any CPU
	EndGlobalSection
	GlobalSection(SolutionProperties) = preSolution
		HideSolutionNode = FALSE
	EndGlobalSection
	GlobalSection(ExtensibilityGlobals) = postSolution
		SolutionGuid = {98D75707-DDFA-48AF-A602-5DFDF85BC42D}
	EndGlobalSection
EndGlobal
