
Microsoft Visual Studio Solution File, Format Version 12.00
# Visual Studio Version 16
VisualStudioVersion = 16.0.31112.23
MinimumVisualStudioVersion = 10.0.40219.1
Project("{FAE04EC0-301F-11D3-BF4B-00C04F79EFBC}") = "Geiger Belt", "Geiger Belt\Geiger Belt.csproj", "{8376F96F-BFB7-46AE-928A-3AA27319681D}"
EndProject
Global
	GlobalSection(SolutionConfigurationPlatforms) = preSolution
		Debug|Any CPU = Debug|Any CPU
		Release|Any CPU = Release|Any CPU
	EndGlobalSection
	GlobalSection(ProjectConfigurationPlatforms) = postSolution
		{8376F96F-BFB7-46AE-928A-3AA27319681D}.Debug|Any CPU.ActiveCfg = Debug|Any CPU
		{8376F96F-BFB7-46AE-928A-3AA27319681D}.Debug|Any CPU.Build.0 = Debug|Any CPU
		{8376F96F-BFB7-46AE-928A-3AA27319681D}.Release|Any CPU.ActiveCfg = Release|Any CPU
		{8376F96F-BFB7-46AE-928A-3AA27319681D}.Release|Any CPU.Build.0 = Release|Any CPU
	EndGlobalSection
	GlobalSection(SolutionProperties) = preSolution
		HideSolutionNode = FALSE
	EndGlobalSection
	GlobalSection(ExtensibilityGlobals) = postSolution
		SolutionGuid = {098E4EAC-4D68-4251-9354-C7A8A8EECF77}
	EndGlobalSection
EndGlobal
