
Microsoft Visual Studio Solution File, Format Version 12.00
Project("{FAE04EC0-301F-11D3-BF4B-00C04F79EFBC}") = "NoMoreRiceWorld", "NoMoreRiceWorld.csproj", "{C1E22822-A930-4B5B-AE3D-DD5407A1BB34}"
EndProject
Global
	GlobalSection(SolutionConfigurationPlatforms) = preSolution
		Debug|Any CPU = Debug|Any CPU
		Release|Any CPU = Release|Any CPU
	EndGlobalSection
	GlobalSection(ProjectConfigurationPlatforms) = postSolution
		{C1E22822-A930-4B5B-AE3D-DD5407A1BB34}.Debug|Any CPU.ActiveCfg = Debug|Any CPU
		{C1E22822-A930-4B5B-AE3D-DD5407A1BB34}.Debug|Any CPU.Build.0 = Debug|Any CPU
		{C1E22822-A930-4B5B-AE3D-DD5407A1BB34}.Release|Any CPU.ActiveCfg = Release|Any CPU
		{C1E22822-A930-4B5B-AE3D-DD5407A1BB34}.Release|Any CPU.Build.0 = Release|Any CPU
	EndGlobalSection
EndGlobal
