
Microsoft Visual Studio Solution File, Format Version 11.00
# Visual Studio 2010
# SharpDevelop 5.1
Project("{FAE04EC0-301F-11D3-BF4B-00C04F79EFBC}") = "GCO_Settings", "GCO_Settings.csproj", "{974634EE-F602-4644-8EC0-3A6D07ED1A7C}"
EndProject
Global
	GlobalSection(SolutionConfigurationPlatforms) = preSolution
		Debug|Any CPU = Debug|Any CPU
		Release|Any CPU = Release|Any CPU
	EndGlobalSection
	GlobalSection(ProjectConfigurationPlatforms) = postSolution
		{974634EE-F602-4644-8EC0-3A6D07ED1A7C}.Debug|Any CPU.ActiveCfg = Debug|Any CPU
		{974634EE-F602-4644-8EC0-3A6D07ED1A7C}.Debug|Any CPU.Build.0 = Debug|Any CPU
		{974634EE-F602-4644-8EC0-3A6D07ED1A7C}.Release|Any CPU.ActiveCfg = Release|Any CPU
		{974634EE-F602-4644-8EC0-3A6D07ED1A7C}.Release|Any CPU.Build.0 = Release|Any CPU
	EndGlobalSection
EndGlobal
