
Microsoft Visual Studio Solution File, Format Version 12.00
# Visual Studio Version 16
VisualStudioVersion = 16.0.30309.148
MinimumVisualStudioVersion = 10.0.40219.1
Project("{FAE04EC0-301F-11D3-BF4B-00C04F79EFBC}") = "USEWearManyClothes", "USEWearManyClothes.csproj", "{37F6DCE3-3308-48EA-962C-050A33B0B41B}"
EndProject
Global
	GlobalSection(SolutionConfigurationPlatforms) = preSolution
		Debug|Any CPU = Debug|Any CPU
		Release|Any CPU = Release|Any CPU
	EndGlobalSection
	GlobalSection(ProjectConfigurationPlatforms) = postSolution
		{37F6DCE3-3308-48EA-962C-050A33B0B41B}.Debug|Any CPU.ActiveCfg = Debug|Any CPU
		{37F6DCE3-3308-48EA-962C-050A33B0B41B}.Debug|Any CPU.Build.0 = Debug|Any CPU
		{37F6DCE3-3308-48EA-962C-050A33B0B41B}.Release|Any CPU.ActiveCfg = Release|Any CPU
		{37F6DCE3-3308-48EA-962C-050A33B0B41B}.Release|Any CPU.Build.0 = Release|Any CPU
	EndGlobalSection
	GlobalSection(SolutionProperties) = preSolution
		HideSolutionNode = FALSE
	EndGlobalSection
	GlobalSection(ExtensibilityGlobals) = postSolution
		SolutionGuid = {BDFBFA09-AC69-46F8-8F4B-2A9B881CC02A}
	EndGlobalSection
EndGlobal
