
Microsoft Visual Studio Solution File, Format Version 12.00
# Visual Studio Version 16
VisualStudioVersion = 16.0.29709.97
MinimumVisualStudioVersion = 10.0.40219.1
Project("{FAE04EC0-301F-11D3-BF4B-00C04F79EFBC}") = "AdvancedPolyBeds", "AdvancedPolyBeds.csproj", "{CD50402D-2F13-418B-96E7-C0D91F11FA51}"
EndProject
Global
	GlobalSection(SolutionConfigurationPlatforms) = preSolution
		Debug|Any CPU = Debug|Any CPU
		Release|Any CPU = Release|Any CPU
	EndGlobalSection
	GlobalSection(ProjectConfigurationPlatforms) = postSolution
		{CD50402D-2F13-418B-96E7-C0D91F11FA51}.Debug|Any CPU.ActiveCfg = Debug|Any CPU
		{CD50402D-2F13-418B-96E7-C0D91F11FA51}.Debug|Any CPU.Build.0 = Debug|Any CPU
		{CD50402D-2F13-418B-96E7-C0D91F11FA51}.Release|Any CPU.ActiveCfg = Release|Any CPU
		{CD50402D-2F13-418B-96E7-C0D91F11FA51}.Release|Any CPU.Build.0 = Release|Any CPU
	EndGlobalSection
	GlobalSection(SolutionProperties) = preSolution
		HideSolutionNode = FALSE
	EndGlobalSection
	GlobalSection(ExtensibilityGlobals) = postSolution
		SolutionGuid = {24265442-3005-400E-B218-88F43DDB80B3}
	EndGlobalSection
EndGlobal
