
Microsoft Visual Studio Solution File, Format Version 12.00
# Visual Studio Version 17
VisualStudioVersion = 17.0.31717.71
MinimumVisualStudioVersion = 10.0.40219.1
Project("{9A19103F-16F7-4668-BE54-9A1E7A4F7556}") = "FactionLoadout", "FactionLoadout\FactionLoadout.csproj", "{66886984-7750-4B1C-BDF6-0876EBC3EB68}"
EndProject
Global
	GlobalSection(SolutionConfigurationPlatforms) = preSolution
		v1.3|Any CPU = v1.3|Any CPU
	EndGlobalSection
	GlobalSection(ProjectConfigurationPlatforms) = postSolution
		{66886984-7750-4B1C-BDF6-0876EBC3EB68}.v1.3|Any CPU.ActiveCfg = v1.3|Any CPU
		{66886984-7750-4B1C-BDF6-0876EBC3EB68}.v1.3|Any CPU.Build.0 = v1.3|Any CPU
	EndGlobalSection
	GlobalSection(SolutionProperties) = preSolution
		HideSolutionNode = FALSE
	EndGlobalSection
	GlobalSection(ExtensibilityGlobals) = postSolution
		SolutionGuid = {2B829925-00C6-4827-B79C-6F7A58D4A205}
	EndGlobalSection
EndGlobal
