
Microsoft Visual Studio Solution File, Format Version 12.00
# Visual Studio Version 16
VisualStudioVersion = 16.0.32228.343
MinimumVisualStudioVersion = 10.0.40219.1
Project("{FAE04EC0-301F-11D3-BF4B-00C04F79EFBC}") = "THVanillaPatches", "THVanillaPatches.csproj", "{8678A89A-9F5B-449F-AE84-8FAEF140BF50}"
EndProject
Global
	GlobalSection(SolutionConfigurationPlatforms) = preSolution
		Debug|Any CPU = Debug|Any CPU
		Release|Any CPU = Release|Any CPU
	EndGlobalSection
	GlobalSection(ProjectConfigurationPlatforms) = postSolution
		{8678A89A-9F5B-449F-AE84-8FAEF140BF50}.Debug|Any CPU.ActiveCfg = Debug|Any CPU
		{8678A89A-9F5B-449F-AE84-8FAEF140BF50}.Debug|Any CPU.Build.0 = Debug|Any CPU
		{8678A89A-9F5B-449F-AE84-8FAEF140BF50}.Release|Any CPU.ActiveCfg = Release|Any CPU
		{8678A89A-9F5B-449F-AE84-8FAEF140BF50}.Release|Any CPU.Build.0 = Release|Any CPU
	EndGlobalSection
	GlobalSection(SolutionProperties) = preSolution
		HideSolutionNode = FALSE
	EndGlobalSection
	GlobalSection(ExtensibilityGlobals) = postSolution
		SolutionGuid = {F94EDF84-0C16-493F-8D2B-242077B133B6}
	EndGlobalSection
EndGlobal
