
Microsoft Visual Studio Solution File, Format Version 11.00
# Visual Studio 2010
Project("{FAE04EC0-301F-11D3-BF4B-00C04F79EFBC}") = "CompToggleFireMode", "CompToggleFireMode\CompToggleFireMode.csproj", "{9E4D6CBB-43E9-41EB-92A3-52F0C617C2C7}"
EndProject
Global
	GlobalSection(SolutionConfigurationPlatforms) = preSolution
		Debug|Any CPU = Debug|Any CPU
		Release|Any CPU = Release|Any CPU
	EndGlobalSection
	GlobalSection(ProjectConfigurationPlatforms) = postSolution
		{9E4D6CBB-43E9-41EB-92A3-52F0C617C2C7}.Debug|Any CPU.ActiveCfg = Debug|Any CPU
		{9E4D6CBB-43E9-41EB-92A3-52F0C617C2C7}.Debug|Any CPU.Build.0 = Debug|Any CPU
		{9E4D6CBB-43E9-41EB-92A3-52F0C617C2C7}.Release|Any CPU.ActiveCfg = Release|Any CPU
		{9E4D6CBB-43E9-41EB-92A3-52F0C617C2C7}.Release|Any CPU.Build.0 = Release|Any CPU
	EndGlobalSection
	GlobalSection(SolutionProperties) = preSolution
		HideSolutionNode = FALSE
	EndGlobalSection
EndGlobal
