
Microsoft Visual Studio Solution File, Format Version 12.00
# Visual Studio Version 17
VisualStudioVersion = 17.9.34728.123
MinimumVisualStudioVersion = 10.0.40219.1
Project("{9A19103F-16F7-4668-BE54-9A1E7A4F7556}") = "Numbers", "Numbers\Numbers.csproj", "{BA30D06A-3EAF-4302-8FD2-9C6A9BD177C4}"
EndProject
Project("{2150E333-8FDC-42A3-9474-1A3956D46DE8}") = "Solution Items", "Solution Items", "{7F2E9F8A-0D2C-42B5-AB83-91851FEA7215}"
	ProjectSection(SolutionItems) = preProject
		.editorconfig = .editorconfig
	EndProjectSection
EndProject
Global
	GlobalSection(SolutionConfigurationPlatforms) = preSolution
		Debug|Any CPU = Debug|Any CPU
		Release|Any CPU = Release|Any CPU
	EndGlobalSection
	GlobalSection(ProjectConfigurationPlatforms) = postSolution
		{BA30D06A-3EAF-4302-8FD2-9C6A9BD177C4}.Debug|Any CPU.ActiveCfg = Debug|Any CPU
		{BA30D06A-3EAF-4302-8FD2-9C6A9BD177C4}.Debug|Any CPU.Build.0 = Debug|Any CPU
		{BA30D06A-3EAF-4302-8FD2-9C6A9BD177C4}.Release|Any CPU.ActiveCfg = Release|Any CPU
		{BA30D06A-3EAF-4302-8FD2-9C6A9BD177C4}.Release|Any CPU.Build.0 = Release|Any CPU
	EndGlobalSection
	GlobalSection(SolutionProperties) = preSolution
		HideSolutionNode = FALSE
	EndGlobalSection
	GlobalSection(ExtensibilityGlobals) = postSolution
		SolutionGuid = {D8A5575F-E628-421F-B9ED-730E5483CB9D}
	EndGlobalSection
EndGlobal
