
Microsoft Visual Studio Solution File, Format Version 12.00
# Visual Studio Version 17
VisualStudioVersion = 17.4.33110.190
MinimumVisualStudioVersion = 10.0.40219.1
Project("{FAE04EC0-301F-11D3-BF4B-00C04F79EFBC}") = "RandomFactions", "RandomFactions\RandomFactions.csproj", "{49EC7A23-3820-4E9F-9F03-A042F9AFC981}"
EndProject
Global
	GlobalSection(SolutionConfigurationPlatforms) = preSolution
		Debug|Any CPU = Debug|Any CPU
		Release|Any CPU = Release|Any CPU
	EndGlobalSection
	GlobalSection(ProjectConfigurationPlatforms) = postSolution
		{49EC7A23-3820-4E9F-9F03-A042F9AFC981}.Debug|Any CPU.ActiveCfg = Debug|Any CPU
		{49EC7A23-3820-4E9F-9F03-A042F9AFC981}.Debug|Any CPU.Build.0 = Debug|Any CPU
		{49EC7A23-3820-4E9F-9F03-A042F9AFC981}.Release|Any CPU.ActiveCfg = Release|Any CPU
		{49EC7A23-3820-4E9F-9F03-A042F9AFC981}.Release|Any CPU.Build.0 = Release|Any CPU
	EndGlobalSection
	GlobalSection(SolutionProperties) = preSolution
		HideSolutionNode = FALSE
	EndGlobalSection
	GlobalSection(ExtensibilityGlobals) = postSolution
		SolutionGuid = {835AB977-4609-4468-8604-44D4ED687244}
	EndGlobalSection
EndGlobal
