
Microsoft Visual Studio Solution File, Format Version 12.00
# Visual Studio Version 16
VisualStudioVersion = 16.0.30611.23
MinimumVisualStudioVersion = 10.0.40219.1
Project("{FAE04EC0-301F-11D3-BF4B-00C04F79EFBC}") = "InfiniteTrader", "InfiniteTrader.csproj", "{304E7414-8C52-4582-80E1-12243FC01533}"
EndProject
Global
	GlobalSection(SolutionConfigurationPlatforms) = preSolution
		Debug|Any CPU = Debug|Any CPU
		Release|Any CPU = Release|Any CPU
	EndGlobalSection
	GlobalSection(ProjectConfigurationPlatforms) = postSolution
		{304E7414-8C52-4582-80E1-12243FC01533}.Debug|Any CPU.ActiveCfg = Debug|Any CPU
		{304E7414-8C52-4582-80E1-12243FC01533}.Debug|Any CPU.Build.0 = Debug|Any CPU
		{304E7414-8C52-4582-80E1-12243FC01533}.Release|Any CPU.ActiveCfg = Release|Any CPU
		{304E7414-8C52-4582-80E1-12243FC01533}.Release|Any CPU.Build.0 = Release|Any CPU
	EndGlobalSection
	GlobalSection(SolutionProperties) = preSolution
		HideSolutionNode = FALSE
	EndGlobalSection
	GlobalSection(ExtensibilityGlobals) = postSolution
		SolutionGuid = {6320D767-E99F-4C0E-BE99-70767E6F0BF6}
	EndGlobalSection
EndGlobal
