
Microsoft Visual Studio Solution File, Format Version 12.00
# Visual Studio Version 16
VisualStudioVersion = 16.0.30611.23
MinimumVisualStudioVersion = 10.0.40219.1
Project("{FAE04EC0-301F-11D3-BF4B-00C04F79EFBC}") = "RadWorld", "RadWorld.csproj", "{8ADA8827-DF49-4EBA-8D89-E75E4FD06CED}"
EndProject
Global
	GlobalSection(SolutionConfigurationPlatforms) = preSolution
		Debug|Any CPU = Debug|Any CPU
		Release|Any CPU = Release|Any CPU
	EndGlobalSection
	GlobalSection(ProjectConfigurationPlatforms) = postSolution
		{8ADA8827-DF49-4EBA-8D89-E75E4FD06CED}.Debug|Any CPU.ActiveCfg = Debug|Any CPU
		{8ADA8827-DF49-4EBA-8D89-E75E4FD06CED}.Debug|Any CPU.Build.0 = Debug|Any CPU
		{8ADA8827-DF49-4EBA-8D89-E75E4FD06CED}.Release|Any CPU.ActiveCfg = Release|Any CPU
		{8ADA8827-DF49-4EBA-8D89-E75E4FD06CED}.Release|Any CPU.Build.0 = Release|Any CPU
	EndGlobalSection
	GlobalSection(SolutionProperties) = preSolution
		HideSolutionNode = FALSE
	EndGlobalSection
	GlobalSection(ExtensibilityGlobals) = postSolution
		SolutionGuid = {22B19CFA-20E1-44D9-98BF-71079BBC7056}
	EndGlobalSection
EndGlobal
