
Microsoft Visual Studio Solution File, Format Version 12.00
# Visual Studio Version 17
VisualStudioVersion = 17.0.32112.339
MinimumVisualStudioVersion = 10.0.40219.1
Project("{FAE04EC0-301F-11D3-BF4B-00C04F79EFBC}") = "Commision_For_Joey", "Commision_For_Joey\Commision_For_Joey.csproj", "{8E3D39C0-5A6A-453C-9884-CF7DCD064130}"
EndProject
Global
	GlobalSection(SolutionConfigurationPlatforms) = preSolution
		Debug|Any CPU = Debug|Any CPU
		Release|Any CPU = Release|Any CPU
	EndGlobalSection
	GlobalSection(ProjectConfigurationPlatforms) = postSolution
		{8E3D39C0-5A6A-453C-9884-CF7DCD064130}.Debug|Any CPU.ActiveCfg = Debug|Any CPU
		{8E3D39C0-5A6A-453C-9884-CF7DCD064130}.Debug|Any CPU.Build.0 = Debug|Any CPU
		{8E3D39C0-5A6A-453C-9884-CF7DCD064130}.Release|Any CPU.ActiveCfg = Release|Any CPU
		{8E3D39C0-5A6A-453C-9884-CF7DCD064130}.Release|Any CPU.Build.0 = Release|Any CPU
	EndGlobalSection
	GlobalSection(SolutionProperties) = preSolution
		HideSolutionNode = FALSE
	EndGlobalSection
	GlobalSection(ExtensibilityGlobals) = postSolution
		SolutionGuid = {61F230AF-317B-4352-9747-12DA5820DEF4}
	EndGlobalSection
EndGlobal
