
Microsoft Visual Studio Solution File, Format Version 12.00
# Visual Studio Version 16
VisualStudioVersion = 16.0.28803.352
MinimumVisualStudioVersion = 10.0.40219.1
Project("{FAE04EC0-301F-11D3-BF4B-00C04F79EFBC}") = "DIYHumans", "DIYHumans\DIYHumans.csproj", "{50F65E8B-6B78-450D-8999-CF1DBF189283}"
EndProject
Global
	GlobalSection(SolutionConfigurationPlatforms) = preSolution
		Debug|Any CPU = Debug|Any CPU
		Release|Any CPU = Release|Any CPU
	EndGlobalSection
	GlobalSection(ProjectConfigurationPlatforms) = postSolution
		{50F65E8B-6B78-450D-8999-CF1DBF189283}.Debug|Any CPU.ActiveCfg = Debug|Any CPU
		{50F65E8B-6B78-450D-8999-CF1DBF189283}.Debug|Any CPU.Build.0 = Debug|Any CPU
		{50F65E8B-6B78-450D-8999-CF1DBF189283}.Release|Any CPU.ActiveCfg = Release|Any CPU
		{50F65E8B-6B78-450D-8999-CF1DBF189283}.Release|Any CPU.Build.0 = Release|Any CPU
	EndGlobalSection
	GlobalSection(SolutionProperties) = preSolution
		HideSolutionNode = FALSE
	EndGlobalSection
	GlobalSection(ExtensibilityGlobals) = postSolution
		SolutionGuid = {F927D464-025E-4B91-B400-0F980D333A48}
	EndGlobalSection
EndGlobal
