
Microsoft Visual Studio Solution File, Format Version 12.00
# Visual Studio Version 17
VisualStudioVersion = 17.0.31903.59
MinimumVisualStudioVersion = 10.0.40219.1
Project("{FAE04EC0-301F-11D3-BF4B-00C04F79EFBC}") = "LeaveTheMap", "LeaveTheMap\LeaveTheMap.csproj", "{B2219E95-CB00-4C8C-BE6E-4E84E2C678AA}"
EndProject
Global
	GlobalSection(SolutionConfigurationPlatforms) = preSolution
		Debug|Any CPU = Debug|Any CPU
		Release|Any CPU = Release|Any CPU
	EndGlobalSection
	GlobalSection(ProjectConfigurationPlatforms) = postSolution
		{B2219E95-CB00-4C8C-BE6E-4E84E2C678AA}.Debug|Any CPU.ActiveCfg = Debug|Any CPU
		{B2219E95-CB00-4C8C-BE6E-4E84E2C678AA}.Debug|Any CPU.Build.0 = Debug|Any CPU
		{B2219E95-CB00-4C8C-BE6E-4E84E2C678AA}.Release|Any CPU.ActiveCfg = Release|Any CPU
		{B2219E95-CB00-4C8C-BE6E-4E84E2C678AA}.Release|Any CPU.Build.0 = Release|Any CPU
	EndGlobalSection
	GlobalSection(SolutionProperties) = preSolution
		HideSolutionNode = FALSE
	EndGlobalSection
	GlobalSection(ExtensibilityGlobals) = postSolution
		SolutionGuid = {017FC2F0-72E0-484C-B746-F79D6A13E34C}
	EndGlobalSection
EndGlobal
