
Microsoft Visual Studio Solution File, Format Version 12.00
# Visual Studio 15
VisualStudioVersion = 15.0.28307.136
MinimumVisualStudioVersion = 10.0.40219.1
Project("{FAE04EC0-301F-11D3-BF4B-00C04F79EFBC}") = "CM_Tradeable_Trinkets", "CM_Tradeable_Trinkets.csproj", "{2EDA6FAD-8876-4698-A8DE-8B5CDBC6EBCD}"
EndProject
Global
	GlobalSection(SolutionConfigurationPlatforms) = preSolution
		Debug|Any CPU = Debug|Any CPU
		Release|Any CPU = Release|Any CPU
	EndGlobalSection
	GlobalSection(ProjectConfigurationPlatforms) = postSolution
		{2EDA6FAD-8876-4698-A8DE-8B5CDBC6EBCD}.Debug|Any CPU.ActiveCfg = Debug|Any CPU
		{2EDA6FAD-8876-4698-A8DE-8B5CDBC6EBCD}.Debug|Any CPU.Build.0 = Debug|Any CPU
		{2EDA6FAD-8876-4698-A8DE-8B5CDBC6EBCD}.Release|Any CPU.ActiveCfg = Release|Any CPU
		{2EDA6FAD-8876-4698-A8DE-8B5CDBC6EBCD}.Release|Any CPU.Build.0 = Release|Any CPU
	EndGlobalSection
	GlobalSection(SolutionProperties) = preSolution
		HideSolutionNode = FALSE
	EndGlobalSection
	GlobalSection(ExtensibilityGlobals) = postSolution
		SolutionGuid = {DA5BEF46-775D-4ECF-8732-2B8C30DAD2A5}
	EndGlobalSection
EndGlobal
