
Microsoft Visual Studio Solution File, Format Version 12.00
# Visual Studio Version 17
VisualStudioVersion = 17.2.32630.192
MinimumVisualStudioVersion = 10.0.40219.1
Project("{9A19103F-16F7-4668-BE54-9A1E7A4F7556}") = "LogAfterDefError", "LogAfterDefError\LogAfterDefError.csproj", "{B51C3A94-D41E-425B-A214-5CBBD5EA441F}"
EndProject
Project("{2150E333-8FDC-42A3-9474-1A3956D46DE8}") = "Solution Items", "Solution Items", "{C993CEFA-AC3C-487B-95AD-CA952001CCF3}"
	ProjectSection(SolutionItems) = preProject
		.editorconfig = .editorconfig
	EndProjectSection
EndProject
Global
	GlobalSection(SolutionConfigurationPlatforms) = preSolution
		123|Any CPU = 123|Any CPU
		Debug|Any CPU = Debug|Any CPU
		Release|Any CPU = Release|Any CPU
	EndGlobalSection
	GlobalSection(ProjectConfigurationPlatforms) = postSolution
		{B51C3A94-D41E-425B-A214-5CBBD5EA441F}.123|Any CPU.ActiveCfg = v1.5|Any CPU
		{B51C3A94-D41E-425B-A214-5CBBD5EA441F}.123|Any CPU.Build.0 = v1.5|Any CPU
		{B51C3A94-D41E-425B-A214-5CBBD5EA441F}.Debug|Any CPU.ActiveCfg = v1.5|Any CPU
		{B51C3A94-D41E-425B-A214-5CBBD5EA441F}.Release|Any CPU.ActiveCfg = Release|Any CPU
		{B51C3A94-D41E-425B-A214-5CBBD5EA441F}.Release|Any CPU.Build.0 = Release|Any CPU
	EndGlobalSection
	GlobalSection(SolutionProperties) = preSolution
		HideSolutionNode = FALSE
	EndGlobalSection
	GlobalSection(ExtensibilityGlobals) = postSolution
		SolutionGuid = {AFE726C9-E28A-4CC0-8305-51A27B138F40}
	EndGlobalSection
EndGlobal
