
Microsoft Visual Studio Solution File, Format Version 12.00
# Visual Studio Version 16
VisualStudioVersion = 16.0.32510.428
MinimumVisualStudioVersion = 10.0.40219.1
Project("{FAE04EC0-301F-11D3-BF4B-00C04F79EFBC}") = "ESCP_NecromanticThralls_VEF", "ESCP_NecromanticThralls_VEF\ESCP_NecromanticThralls_VEF.csproj", "{3293D1F5-5193-41D5-B4CA-9ABED5BC6006}"
EndProject
Global
	GlobalSection(SolutionConfigurationPlatforms) = preSolution
		Debug|Any CPU = Debug|Any CPU
		Release|Any CPU = Release|Any CPU
	EndGlobalSection
	GlobalSection(ProjectConfigurationPlatforms) = postSolution
		{3293D1F5-5193-41D5-B4CA-9ABED5BC6006}.Debug|Any CPU.ActiveCfg = Debug|Any CPU
		{3293D1F5-5193-41D5-B4CA-9ABED5BC6006}.Debug|Any CPU.Build.0 = Debug|Any CPU
		{3293D1F5-5193-41D5-B4CA-9ABED5BC6006}.Release|Any CPU.ActiveCfg = Release|Any CPU
		{3293D1F5-5193-41D5-B4CA-9ABED5BC6006}.Release|Any CPU.Build.0 = Release|Any CPU
	EndGlobalSection
	GlobalSection(SolutionProperties) = preSolution
		HideSolutionNode = FALSE
	EndGlobalSection
	GlobalSection(ExtensibilityGlobals) = postSolution
		SolutionGuid = {7422D276-9F17-4E85-B65D-B212B64D6985}
	EndGlobalSection
EndGlobal
