
Microsoft Visual Studio Solution File, Format Version 12.00
# Visual Studio Version 16
VisualStudioVersion = 16.0.30611.23
MinimumVisualStudioVersion = 10.0.40219.1
Project("{FAE04EC0-301F-11D3-BF4B-00C04F79EFBC}") = "AdvancedMoisturePump", "AdvancedMoisturePump.csproj", "{06F00379-917F-4E74-8261-EA9E52715DB2}"
EndProject
Global
	GlobalSection(SolutionConfigurationPlatforms) = preSolution
		Debug|Any CPU = Debug|Any CPU
		Release|Any CPU = Release|Any CPU
	EndGlobalSection
	GlobalSection(ProjectConfigurationPlatforms) = postSolution
		{06F00379-917F-4E74-8261-EA9E52715DB2}.Debug|Any CPU.ActiveCfg = Debug|Any CPU
		{06F00379-917F-4E74-8261-EA9E52715DB2}.Debug|Any CPU.Build.0 = Debug|Any CPU
		{06F00379-917F-4E74-8261-EA9E52715DB2}.Release|Any CPU.ActiveCfg = Release|Any CPU
		{06F00379-917F-4E74-8261-EA9E52715DB2}.Release|Any CPU.Build.0 = Release|Any CPU
	EndGlobalSection
	GlobalSection(SolutionProperties) = preSolution
		HideSolutionNode = FALSE
	EndGlobalSection
	GlobalSection(ExtensibilityGlobals) = postSolution
		SolutionGuid = {15204F24-323B-463A-AAEF-17D5B7EC49A7}
	EndGlobalSection
EndGlobal
