
Microsoft Visual Studio Solution File, Format Version 12.00
# Visual Studio 15
VisualStudioVersion = 15.0.28307.136
MinimumVisualStudioVersion = 10.0.40219.1
Project("{FAE04EC0-301F-11D3-BF4B-00C04F79EFBC}") = "CM_Meeseeks_Box", "CM_Meeseeks_Box.csproj", "{0AB2E9F2-C48E-40CB-92F5-9284A9A1739D}"
EndProject
Global
	GlobalSection(SolutionConfigurationPlatforms) = preSolution
		Debug|Any CPU = Debug|Any CPU
		Release|Any CPU = Release|Any CPU
	EndGlobalSection
	GlobalSection(ProjectConfigurationPlatforms) = postSolution
		{0AB2E9F2-C48E-40CB-92F5-9284A9A1739D}.Debug|Any CPU.ActiveCfg = Debug|Any CPU
		{0AB2E9F2-C48E-40CB-92F5-9284A9A1739D}.Debug|Any CPU.Build.0 = Debug|Any CPU
		{0AB2E9F2-C48E-40CB-92F5-9284A9A1739D}.Release|Any CPU.ActiveCfg = Release|Any CPU
		{0AB2E9F2-C48E-40CB-92F5-9284A9A1739D}.Release|Any CPU.Build.0 = Release|Any CPU
	EndGlobalSection
	GlobalSection(SolutionProperties) = preSolution
		HideSolutionNode = FALSE
	EndGlobalSection
	GlobalSection(ExtensibilityGlobals) = postSolution
		SolutionGuid = {407327DC-DBA6-4C4F-B47A-E4F8B440DD6F}
	EndGlobalSection
EndGlobal
