
Microsoft Visual Studio Solution File, Format Version 12.00
# Visual Studio Version 16
VisualStudioVersion = 16.0.31313.79
MinimumVisualStudioVersion = 10.0.40219.1
Project("{FAE04EC0-301F-11D3-BF4B-00C04F79EFBC}") = "AOBA", "AOBA.csproj", "{1661B74B-CC6C-4871-8AC9-17AC29F0C405}"
EndProject
Global
	GlobalSection(SolutionConfigurationPlatforms) = preSolution
		Debug|Any CPU = Debug|Any CPU
		Release|Any CPU = Release|Any CPU
	EndGlobalSection
	GlobalSection(ProjectConfigurationPlatforms) = postSolution
		{1661B74B-CC6C-4871-8AC9-17AC29F0C405}.Debug|Any CPU.ActiveCfg = Debug|Any CPU
		{1661B74B-CC6C-4871-8AC9-17AC29F0C405}.Debug|Any CPU.Build.0 = Debug|Any CPU
		{1661B74B-CC6C-4871-8AC9-17AC29F0C405}.Release|Any CPU.ActiveCfg = Release|Any CPU
		{1661B74B-CC6C-4871-8AC9-17AC29F0C405}.Release|Any CPU.Build.0 = Release|Any CPU
	EndGlobalSection
	GlobalSection(SolutionProperties) = preSolution
		HideSolutionNode = FALSE
	EndGlobalSection
	GlobalSection(ExtensibilityGlobals) = postSolution
		SolutionGuid = {DB4DF713-9633-4362-947A-B49DC12D3B7E}
	EndGlobalSection
EndGlobal
