
Microsoft Visual Studio Solution File, Format Version 12.00
# Visual Studio Version 17
VisualStudioVersion = 17.0.31919.166
MinimumVisualStudioVersion = 10.0.40219.1
Project("{FAE04EC0-301F-11D3-BF4B-00C04F79EFBC}") = "GenderedGenes", "GenderedGenes.csproj", "{DC69EC75-788D-4E7F-A396-A28EAC33B6FC}"
EndProject
Project("{2150E333-8FDC-42A3-9474-1A3956D46DE8}") = "Solution Items", "Solution Items", "{1CD4D2D9-2562-40F2-A21B-495108D9AFD1}"
EndProject
Global
	GlobalSection(SolutionConfigurationPlatforms) = preSolution
		Debug|Any CPU = Debug|Any CPU
		Release|Any CPU = Release|Any CPU
	EndGlobalSection
	GlobalSection(ProjectConfigurationPlatforms) = postSolution
		{DC69EC75-788D-4E7F-A396-A28EAC33B6FC}.Debug|Any CPU.ActiveCfg = Debug|Any CPU
		{DC69EC75-788D-4E7F-A396-A28EAC33B6FC}.Debug|Any CPU.Build.0 = Debug|Any CPU
		{DC69EC75-788D-4E7F-A396-A28EAC33B6FC}.Release|Any CPU.ActiveCfg = Release|Any CPU
		{DC69EC75-788D-4E7F-A396-A28EAC33B6FC}.Release|Any CPU.Build.0 = Release|Any CPU
	EndGlobalSection
	GlobalSection(SolutionProperties) = preSolution
		HideSolutionNode = FALSE
	EndGlobalSection
	GlobalSection(ExtensibilityGlobals) = postSolution
		SolutionGuid = {010151E2-5388-46E8-A047-3CF2711B2FA6}
	EndGlobalSection
EndGlobal
