
Microsoft Visual Studio Solution File, Format Version 12.00
# Visual Studio 15
VisualStudioVersion = 15.0.28307.136
MinimumVisualStudioVersion = 10.0.40219.1
Project("{FAE04EC0-301F-11D3-BF4B-00C04F79EFBC}") = "CM_Price_Is_What", "CM_Price_Is_What.csproj", "{D519BC2A-1781-4F13-A525-37BA984C3576}"
EndProject
Global
	GlobalSection(SolutionConfigurationPlatforms) = preSolution
		Debug|Any CPU = Debug|Any CPU
		Release|Any CPU = Release|Any CPU
	EndGlobalSection
	GlobalSection(ProjectConfigurationPlatforms) = postSolution
		{D519BC2A-1781-4F13-A525-37BA984C3576}.Debug|Any CPU.ActiveCfg = Debug|Any CPU
		{D519BC2A-1781-4F13-A525-37BA984C3576}.Debug|Any CPU.Build.0 = Debug|Any CPU
		{D519BC2A-1781-4F13-A525-37BA984C3576}.Release|Any CPU.ActiveCfg = Release|Any CPU
		{D519BC2A-1781-4F13-A525-37BA984C3576}.Release|Any CPU.Build.0 = Release|Any CPU
	EndGlobalSection
	GlobalSection(SolutionProperties) = preSolution
		HideSolutionNode = FALSE
	EndGlobalSection
	GlobalSection(ExtensibilityGlobals) = postSolution
		SolutionGuid = {E85C6A5E-BF62-4940-95C6-2A8DA9389310}
	EndGlobalSection
EndGlobal
