
Microsoft Visual Studio Solution File, Format Version 12.00
# Visual Studio 15
Project("{FAE04EC0-301F-11D3-BF4B-00C04F79EFBC}") = "Message2Letter", "Message2Letter.csproj", "{F086D7D5-BD4F-4D8B-BA2B-3EFD35C50ADE}"
EndProject
Global
	GlobalSection(SolutionConfigurationPlatforms) = preSolution
		Debug|Any CPU = Debug|Any CPU
		Release|Any CPU = Release|Any CPU
	EndGlobalSection
	GlobalSection(ProjectConfigurationPlatforms) = postSolution
		{F086D7D5-BD4F-4D8B-BA2B-3EFD35C50ADE}.Debug|Any CPU.ActiveCfg = Debug|Any CPU
		{F086D7D5-BD4F-4D8B-BA2B-3EFD35C50ADE}.Debug|Any CPU.Build.0 = Debug|Any CPU
		{F086D7D5-BD4F-4D8B-BA2B-3EFD35C50ADE}.Release|Any CPU.ActiveCfg = Release|Any CPU
		{F086D7D5-BD4F-4D8B-BA2B-3EFD35C50ADE}.Release|Any CPU.Build.0 = Release|Any CPU
	EndGlobalSection
EndGlobal
