
Microsoft Visual Studio Solution File, Format Version 12.00
# Visual Studio Version 17
VisualStudioVersion = 17.5.33502.453
MinimumVisualStudioVersion = 10.0.40219.1
Project("{FAE04EC0-301F-11D3-BF4B-00C04F79EFBC}") = "AnimalDiscovery", "AnimalDiscovery\AnimalDiscovery.csproj", "{F516230C-95BF-4404-A501-EFA79633B37B}"
EndProject
Project("{FAE04EC0-301F-11D3-BF4B-00C04F79EFBC}") = "AnimalDiscovery_1_3", "AnimalDiscovery_1_3\AnimalDiscovery_1_3.csproj", "{23EDB028-AB2C-405B-A72D-D863A2BD8B94}"
EndProject
Project("{FAE04EC0-301F-11D3-BF4B-00C04F79EFBC}") = "AnimalDiscovery_1_5", "AnimalDiscovery_1_5\AnimalDiscovery_1_5.csproj", "{68B13A17-7E4F-4CC1-A93A-CF316135FC31}"
EndProject
Global
	GlobalSection(SolutionConfigurationPlatforms) = preSolution
		Debug|Any CPU = Debug|Any CPU
		Release|Any CPU = Release|Any CPU
	EndGlobalSection
	GlobalSection(ProjectConfigurationPlatforms) = postSolution
		{F516230C-95BF-4404-A501-EFA79633B37B}.Debug|Any CPU.ActiveCfg = Debug|Any CPU
		{F516230C-95BF-4404-A501-EFA79633B37B}.Debug|Any CPU.Build.0 = Debug|Any CPU
		{F516230C-95BF-4404-A501-EFA79633B37B}.Release|Any CPU.ActiveCfg = Release|Any CPU
		{F516230C-95BF-4404-A501-EFA79633B37B}.Release|Any CPU.Build.0 = Release|Any CPU
		{23EDB028-AB2C-405B-A72D-D863A2BD8B94}.Debug|Any CPU.ActiveCfg = Debug|Any CPU
		{23EDB028-AB2C-405B-A72D-D863A2BD8B94}.Debug|Any CPU.Build.0 = Debug|Any CPU
		{23EDB028-AB2C-405B-A72D-D863A2BD8B94}.Release|Any CPU.ActiveCfg = Release|Any CPU
		{23EDB028-AB2C-405B-A72D-D863A2BD8B94}.Release|Any CPU.Build.0 = Release|Any CPU
		{68B13A17-7E4F-4CC1-A93A-CF316135FC31}.Debug|Any CPU.ActiveCfg = Debug|Any CPU
		{68B13A17-7E4F-4CC1-A93A-CF316135FC31}.Debug|Any CPU.Build.0 = Debug|Any CPU
		{68B13A17-7E4F-4CC1-A93A-CF316135FC31}.Release|Any CPU.ActiveCfg = Release|Any CPU
		{68B13A17-7E4F-4CC1-A93A-CF316135FC31}.Release|Any CPU.Build.0 = Release|Any CPU
	EndGlobalSection
	GlobalSection(SolutionProperties) = preSolution
		HideSolutionNode = FALSE
	EndGlobalSection
	GlobalSection(ExtensibilityGlobals) = postSolution
		SolutionGuid = {2DD3CA99-FDC2-49C6-BBC1-921C792A8ECF}
	EndGlobalSection
EndGlobal
