
Microsoft Visual Studio Solution File, Format Version 12.00
# Visual Studio Version 16
VisualStudioVersion = 16.0.29215.179
MinimumVisualStudioVersion = 10.0.40219.1
Project("{FAE04EC0-301F-11D3-BF4B-00C04F79EFBC}") = "AccuraSight", "AccuraSight\AccuraSight.csproj", "{CF1D373B-EA91-43F2-BC1E-7346E9D97147}"
EndProject
Project("{2150E333-8FDC-42A3-9474-1A3956D46DE8}") = "Solution Items", "Solution Items", "{80EC3CB3-178B-4C53-87B6-CA05EBC72F78}"
	ProjectSection(SolutionItems) = preProject
		About\About.xml = About\About.xml
	EndProjectSection
EndProject
Global
	GlobalSection(SolutionConfigurationPlatforms) = preSolution
		Debug|Any CPU = Debug|Any CPU
		Release|Any CPU = Release|Any CPU
	EndGlobalSection
	GlobalSection(ProjectConfigurationPlatforms) = postSolution
		{CF1D373B-EA91-43F2-BC1E-7346E9D97147}.Debug|Any CPU.ActiveCfg = Debug|Any CPU
		{CF1D373B-EA91-43F2-BC1E-7346E9D97147}.Debug|Any CPU.Build.0 = Debug|Any CPU
		{CF1D373B-EA91-43F2-BC1E-7346E9D97147}.Release|Any CPU.ActiveCfg = Release|Any CPU
		{CF1D373B-EA91-43F2-BC1E-7346E9D97147}.Release|Any CPU.Build.0 = Release|Any CPU
	EndGlobalSection
	GlobalSection(SolutionProperties) = preSolution
		HideSolutionNode = FALSE
	EndGlobalSection
	GlobalSection(ExtensibilityGlobals) = postSolution
		SolutionGuid = {D59B6F0C-DFA1-47EF-B2FA-AA3442735C22}
	EndGlobalSection
EndGlobal
