
Microsoft Visual Studio Solution File, Format Version 12.00
# Visual Studio Version 17
VisualStudioVersion = 17.13.35931.197 d17.13
MinimumVisualStudioVersion = 10.0.40219.1
Project("{FAE04EC0-301F-11D3-BF4B-00C04F79EFBC}") = "Eu Quero Dormir", "Eu Quero Dormir\Eu Quero Dormir.csproj", "{BB1EA450-CEE7-451B-9055-F4DB5D6D970D}"
EndProject
Global
	GlobalSection(SolutionConfigurationPlatforms) = preSolution
		Debug|Any CPU = Debug|Any CPU
		Release|Any CPU = Release|Any CPU
	EndGlobalSection
	GlobalSection(ProjectConfigurationPlatforms) = postSolution
		{BB1EA450-CEE7-451B-9055-F4DB5D6D970D}.Debug|Any CPU.ActiveCfg = Debug|Any CPU
		{BB1EA450-CEE7-451B-9055-F4DB5D6D970D}.Debug|Any CPU.Build.0 = Debug|Any CPU
		{BB1EA450-CEE7-451B-9055-F4DB5D6D970D}.Release|Any CPU.ActiveCfg = Release|Any CPU
		{BB1EA450-CEE7-451B-9055-F4DB5D6D970D}.Release|Any CPU.Build.0 = Release|Any CPU
	EndGlobalSection
	GlobalSection(SolutionProperties) = preSolution
		HideSolutionNode = FALSE
	EndGlobalSection
	GlobalSection(ExtensibilityGlobals) = postSolution
		SolutionGuid = {3B3C5DE6-1A08-4A80-B04E-3C9D5269A6ED}
	EndGlobalSection
EndGlobal
