
Microsoft Visual Studio Solution File, Format Version 12.00
# Visual Studio Version 17
VisualStudioVersion = 17.3.32825.248
MinimumVisualStudioVersion = 10.0.40219.1
Project("{FAE04EC0-301F-11D3-BF4B-00C04F79EFBC}") = "AllAnimalsNuzzle", "AllAnimalsNuzzle.csproj", "{1D826C27-CA3A-43F7-B645-011A067946E3}"
EndProject
Global
	GlobalSection(SolutionConfigurationPlatforms) = preSolution
		Debug|Any CPU = Debug|Any CPU
		Release|Any CPU = Release|Any CPU
	EndGlobalSection
	GlobalSection(ProjectConfigurationPlatforms) = postSolution
		{1D826C27-CA3A-43F7-B645-011A067946E3}.Debug|Any CPU.ActiveCfg = Debug|Any CPU
		{1D826C27-CA3A-43F7-B645-011A067946E3}.Debug|Any CPU.Build.0 = Debug|Any CPU
		{1D826C27-CA3A-43F7-B645-011A067946E3}.Release|Any CPU.ActiveCfg = Release|Any CPU
		{1D826C27-CA3A-43F7-B645-011A067946E3}.Release|Any CPU.Build.0 = Release|Any CPU
	EndGlobalSection
	GlobalSection(SolutionProperties) = preSolution
		HideSolutionNode = FALSE
	EndGlobalSection
	GlobalSection(ExtensibilityGlobals) = postSolution
		SolutionGuid = {2C8BBE0F-8C84-4B43-834B-C1562B09C684}
	EndGlobalSection
EndGlobal
