
Microsoft Visual Studio Solution File, Format Version 12.00
Project("{FAE04EC0-301F-11D3-BF4B-00C04F79EFBC}") = "AnaerobicDigester", "AnaerobicDigester.csproj", "{A8E073FA-DC9F-49B4-A79D-909CA24C49EE}"
EndProject
Global
	GlobalSection(SolutionConfigurationPlatforms) = preSolution
		Debug|Any CPU = Debug|Any CPU
		Release|Any CPU = Release|Any CPU
	EndGlobalSection
	GlobalSection(ProjectConfigurationPlatforms) = postSolution
		{A8E073FA-DC9F-49B4-A79D-909CA24C49EE}.Debug|Any CPU.ActiveCfg = Debug|Any CPU
		{A8E073FA-DC9F-49B4-A79D-909CA24C49EE}.Debug|Any CPU.Build.0 = Debug|Any CPU
		{A8E073FA-DC9F-49B4-A79D-909CA24C49EE}.Release|Any CPU.ActiveCfg = Release|Any CPU
		{A8E073FA-DC9F-49B4-A79D-909CA24C49EE}.Release|Any CPU.Build.0 = Release|Any CPU
	EndGlobalSection
EndGlobal
