
Microsoft Visual Studio Solution File, Format Version 12.00
# Visual Studio Version 16
VisualStudioVersion = 16.0.29911.84
MinimumVisualStudioVersion = 10.0.40219.1
Project("{FAE04EC0-301F-11D3-BF4B-00C04F79EFBC}") = "MoreComponents", "MoreComponents.csproj", "{EEECEBAC-5F92-48D6-8FF8-E7730F15C852}"
EndProject
Global
	GlobalSection(SolutionConfigurationPlatforms) = preSolution
		Debug|Any CPU = Debug|Any CPU
		Release|Any CPU = Release|Any CPU
	EndGlobalSection
	GlobalSection(ProjectConfigurationPlatforms) = postSolution
		{EEECEBAC-5F92-48D6-8FF8-E7730F15C852}.Debug|Any CPU.ActiveCfg = Debug|Any CPU
		{EEECEBAC-5F92-48D6-8FF8-E7730F15C852}.Debug|Any CPU.Build.0 = Debug|Any CPU
		{EEECEBAC-5F92-48D6-8FF8-E7730F15C852}.Release|Any CPU.ActiveCfg = Release|Any CPU
		{EEECEBAC-5F92-48D6-8FF8-E7730F15C852}.Release|Any CPU.Build.0 = Release|Any CPU
	EndGlobalSection
	GlobalSection(SolutionProperties) = preSolution
		HideSolutionNode = FALSE
	EndGlobalSection
	GlobalSection(ExtensibilityGlobals) = postSolution
		SolutionGuid = {709193EC-E4C4-43BD-B641-2A9C08CC1702}
	EndGlobalSection
EndGlobal
