
Microsoft Visual Studio Solution File, Format Version 12.00
# Visual Studio Version 16
VisualStudioVersion = 16.0.32002.261
MinimumVisualStudioVersion = 10.0.40219.1
Project("{FAE04EC0-301F-11D3-BF4B-00C04F79EFBC}") = "BiocodeIt", "BiocodeIt.csproj", "{1E865D3F-38DB-4CF9-BEC9-4B2806FDF16D}"
EndProject
Global
	GlobalSection(SolutionConfigurationPlatforms) = preSolution
		Debug|Any CPU = Debug|Any CPU
		Release|Any CPU = Release|Any CPU
	EndGlobalSection
	GlobalSection(ProjectConfigurationPlatforms) = postSolution
		{1E865D3F-38DB-4CF9-BEC9-4B2806FDF16D}.Debug|Any CPU.ActiveCfg = Debug|Any CPU
		{1E865D3F-38DB-4CF9-BEC9-4B2806FDF16D}.Debug|Any CPU.Build.0 = Debug|Any CPU
		{1E865D3F-38DB-4CF9-BEC9-4B2806FDF16D}.Release|Any CPU.ActiveCfg = Release|Any CPU
		{1E865D3F-38DB-4CF9-BEC9-4B2806FDF16D}.Release|Any CPU.Build.0 = Release|Any CPU
	EndGlobalSection
	GlobalSection(SolutionProperties) = preSolution
		HideSolutionNode = FALSE
	EndGlobalSection
	GlobalSection(ExtensibilityGlobals) = postSolution
		SolutionGuid = {E0682F0C-28D2-42DC-9DA9-2B1CB7896866}
	EndGlobalSection
EndGlobal
