
Microsoft Visual Studio Solution File, Format Version 12.00
# Visual Studio Version 16
VisualStudioVersion = 16.0.31112.23
MinimumVisualStudioVersion = 10.0.40219.1
Project("{FAE04EC0-301F-11D3-BF4B-00C04F79EFBC}") = "Addictol", "Addictol\Addictol.csproj", "{ABD5B0C7-0C1B-43E1-9619-164E3D648646}"
EndProject
Global
	GlobalSection(SolutionConfigurationPlatforms) = preSolution
		Debug|Any CPU = Debug|Any CPU
		Release|Any CPU = Release|Any CPU
		Source|Any CPU = Source|Any CPU
	EndGlobalSection
	GlobalSection(ProjectConfigurationPlatforms) = postSolution
		{ABD5B0C7-0C1B-43E1-9619-164E3D648646}.Debug|Any CPU.ActiveCfg = Debug|Any CPU
		{ABD5B0C7-0C1B-43E1-9619-164E3D648646}.Debug|Any CPU.Build.0 = Debug|Any CPU
		{ABD5B0C7-0C1B-43E1-9619-164E3D648646}.Release|Any CPU.ActiveCfg = Release|Any CPU
		{ABD5B0C7-0C1B-43E1-9619-164E3D648646}.Release|Any CPU.Build.0 = Release|Any CPU
		{ABD5B0C7-0C1B-43E1-9619-164E3D648646}.Source|Any CPU.ActiveCfg = Source|Any CPU
		{ABD5B0C7-0C1B-43E1-9619-164E3D648646}.Source|Any CPU.Build.0 = Source|Any CPU
	EndGlobalSection
	GlobalSection(SolutionProperties) = preSolution
		HideSolutionNode = FALSE
	EndGlobalSection
	GlobalSection(ExtensibilityGlobals) = postSolution
		SolutionGuid = {3C05C5CB-D7A1-49FB-8E18-7BFA5131805D}
	EndGlobalSection
EndGlobal
