
Microsoft Visual Studio Solution File, Format Version 12.00
# Visual Studio 15
VisualStudioVersion = 15.0.27004.2002
MinimumVisualStudioVersion = 10.0.40219.1
Project("{FAE04EC0-301F-11D3-BF4B-00C04F79EFBC}") = "Torgue", "Torgue.csproj", "{F7DE2384-2109-465F-AF34-C27A5F87A0F3}"
EndProject
Global
	GlobalSection(SolutionConfigurationPlatforms) = preSolution
		Debug|Any CPU = Debug|Any CPU
		Release|Any CPU = Release|Any CPU
	EndGlobalSection
	GlobalSection(ProjectConfigurationPlatforms) = postSolution
		{F7DE2384-2109-465F-AF34-C27A5F87A0F3}.Debug|Any CPU.ActiveCfg = Debug|Any CPU
		{F7DE2384-2109-465F-AF34-C27A5F87A0F3}.Debug|Any CPU.Build.0 = Debug|Any CPU
		{F7DE2384-2109-465F-AF34-C27A5F87A0F3}.Release|Any CPU.ActiveCfg = Release|Any CPU
		{F7DE2384-2109-465F-AF34-C27A5F87A0F3}.Release|Any CPU.Build.0 = Release|Any CPU
	EndGlobalSection
	GlobalSection(SolutionProperties) = preSolution
		HideSolutionNode = FALSE
	EndGlobalSection
	GlobalSection(ExtensibilityGlobals) = postSolution
		SolutionGuid = {E56EEC3F-68EB-4BBB-9065-6CEDAF09A995}
	EndGlobalSection
EndGlobal
