
Microsoft Visual Studio Solution File, Format Version 12.00
# Visual Studio Version 16
VisualStudioVersion = 16.0.30611.23
MinimumVisualStudioVersion = 10.0.40219.1
Project("{FAE04EC0-301F-11D3-BF4B-00C04F79EFBC}") = "HediffResourceFramework", "HediffResourceFramework.csproj", "{A5FF6AC2-D325-4E92-A496-9E7C9FD7AAF3}"
EndProject
Global
	GlobalSection(SolutionConfigurationPlatforms) = preSolution
		Debug|Any CPU = Debug|Any CPU
		Release|Any CPU = Release|Any CPU
	EndGlobalSection
	GlobalSection(ProjectConfigurationPlatforms) = postSolution
		{A5FF6AC2-D325-4E92-A496-9E7C9FD7AAF3}.Debug|Any CPU.ActiveCfg = Debug|Any CPU
		{A5FF6AC2-D325-4E92-A496-9E7C9FD7AAF3}.Debug|Any CPU.Build.0 = Debug|Any CPU
		{A5FF6AC2-D325-4E92-A496-9E7C9FD7AAF3}.Release|Any CPU.ActiveCfg = Release|Any CPU
		{A5FF6AC2-D325-4E92-A496-9E7C9FD7AAF3}.Release|Any CPU.Build.0 = Release|Any CPU
	EndGlobalSection
	GlobalSection(SolutionProperties) = preSolution
		HideSolutionNode = FALSE
	EndGlobalSection
	GlobalSection(ExtensibilityGlobals) = postSolution
		SolutionGuid = {5CFE477C-B8FA-4EB3-BC87-34DDEB445B03}
	EndGlobalSection
EndGlobal
